// !$*UTF8*$!
{
	archiveVersion = 1;
	classes = {
	};
	objectVersion = 46;
	objects = {

/* Begin PBXBuildFile section */
		FB19B9EB18146F13001351D2 /* OpenGLES.framework in Frameworks */ = {isa = PBXBuildFile; fileRef = FB19B9EA18146F13001351D2 /* OpenGLES.framework */; };
		FB19B9F418146F59001351D2 /* libz.dylib in Frameworks */ = {isa = PBXBuildFile; fileRef = FB19B9F318146F59001351D2 /* libz.dylib */; };
		FB79B5F61814722000B1758B /* WindowPrivate-iOS.cpp in Sources */ = {isa = PBXBuildFile; fileRef = FB79B5F51814722000B1758B /* WindowPrivate-iOS.cpp */; };
		FB79B68F1826678200B1758B /* FileHandle.cpp in Sources */ = {isa = PBXBuildFile; fileRef = FB79B6871826678200B1758B /* FileHandle.cpp */; };
		FB79B6901826678200B1758B /* Log.cpp in Sources */ = {isa = PBXBuildFile; fileRef = FB79B6881826678200B1758B /* Log.cpp */; };
		FB79B6911826678200B1758B /* Mutex.cpp in Sources */ = {isa = PBXBuildFile; fileRef = FB79B6891826678200B1758B /* Mutex.cpp */; };
		FB79B6921826678200B1758B /* Referenced.cpp in Sources */ = {isa = PBXBuildFile; fileRef = FB79B68A1826678200B1758B /* Referenced.cpp */; };
		FB79B6931826678200B1758B /* ResourceManager.cpp in Sources */ = {isa = PBXBuildFile; fileRef = FB79B68B1826678200B1758B /* ResourceManager.cpp */; };
		FB79B6941826678200B1758B /* ResourceManagerPrivate.cpp in Sources */ = {isa = PBXBuildFile; fileRef = FB79B68C1826678200B1758B /* ResourceManagerPrivate.cpp */; };
		FB79B6951826678200B1758B /* Thread.cpp in Sources */ = {isa = PBXBuildFile; fileRef = FB79B68D1826678200B1758B /* Thread.cpp */; };
		FB79B6961826678200B1758B /* Timer.cpp in Sources */ = {isa = PBXBuildFile; fileRef = FB79B68E1826678200B1758B /* Timer.cpp */; };
		FB79B69C182667B800B1758B /* Component.cpp in Sources */ = {isa = PBXBuildFile; fileRef = FB79B698182667B800B1758B /* Component.cpp */; };
		FB79B69D182667B800B1758B /* Node.cpp in Sources */ = {isa = PBXBuildFile; fileRef = FB79B699182667B800B1758B /* Node.cpp */; };
		FB79B69E182667B800B1758B /* NodePrivate.cpp in Sources */ = {isa = PBXBuildFile; fileRef = FB79B69A182667B800B1758B /* NodePrivate.cpp */; };
		FB79B6BC18266F0400B1758B /* MeshAsset.cpp in Sources */ = {isa = PBXBuildFile; fileRef = FB79B6B318266F0400B1758B /* MeshAsset.cpp */; };
		FB79B6BD18266F0400B1758B /* MeshAssetPrivate-GLES2.cpp in Sources */ = {isa = PBXBuildFile; fileRef = FB79B6B418266F0400B1758B /* MeshAssetPrivate-GLES2.cpp */; };
		FB79B6BE18266F0400B1758B /* Renderer.cpp in Sources */ = {isa = PBXBuildFile; fileRef = FB79B6B618266F0400B1758B /* Renderer.cpp */; };
		FB79B6BF18266F0400B1758B /* RendererPrivate-GLES2.cpp in Sources */ = {isa = PBXBuildFile; fileRef = FB79B6B718266F0400B1758B /* RendererPrivate-GLES2.cpp */; };
		FB79B6C018266F0400B1758B /* TextureAsset.cpp in Sources */ = {isa = PBXBuildFile; fileRef = FB79B6B918266F0400B1758B /* TextureAsset.cpp */; };
		FB79B6C118266F0400B1758B /* TextureAssetPrivate-GLES2.cpp in Sources */ = {isa = PBXBuildFile; fileRef = FB79B6BA18266F0400B1758B /* TextureAssetPrivate-GLES2.cpp */; };
		FBBD022A182692A7009D6386 /* libsigc++.a in Frameworks */ = {isa = PBXBuildFile; fileRef = FB852F0A17F0D77200B15B66 /* libsigc++.a */; };
		FBBD023F182692D1009D6386 /* png.c in Sources */ = {isa = PBXBuildFile; fileRef = FBBD022D182692D1009D6386 /* png.c */; };
		FBBD0240182692D1009D6386 /* pngerror.c in Sources */ = {isa = PBXBuildFile; fileRef = FBBD0230182692D1009D6386 /* pngerror.c */; };
		FBBD0241182692D1009D6386 /* pngget.c in Sources */ = {isa = PBXBuildFile; fileRef = FBBD0231182692D1009D6386 /* pngget.c */; };
		FBBD0242182692D1009D6386 /* pngmem.c in Sources */ = {isa = PBXBuildFile; fileRef = FBBD0232182692D1009D6386 /* pngmem.c */; };
		FBBD0243182692D1009D6386 /* pngpread.c in Sources */ = {isa = PBXBuildFile; fileRef = FBBD0233182692D1009D6386 /* pngpread.c */; };
		FBBD0244182692D1009D6386 /* pngread.c in Sources */ = {isa = PBXBuildFile; fileRef = FBBD0235182692D1009D6386 /* pngread.c */; };
		FBBD0245182692D1009D6386 /* pngrio.c in Sources */ = {isa = PBXBuildFile; fileRef = FBBD0236182692D1009D6386 /* pngrio.c */; };
		FBBD0246182692D1009D6386 /* pngrtran.c in Sources */ = {isa = PBXBuildFile; fileRef = FBBD0237182692D1009D6386 /* pngrtran.c */; };
		FBBD0247182692D1009D6386 /* pngrutil.c in Sources */ = {isa = PBXBuildFile; fileRef = FBBD0238182692D1009D6386 /* pngrutil.c */; };
		FBBD0248182692D1009D6386 /* pngset.c in Sources */ = {isa = PBXBuildFile; fileRef = FBBD0239182692D1009D6386 /* pngset.c */; };
		FBBD0249182692D1009D6386 /* pngtrans.c in Sources */ = {isa = PBXBuildFile; fileRef = FBBD023A182692D1009D6386 /* pngtrans.c */; };
		FBBD024A182692D1009D6386 /* pngwio.c in Sources */ = {isa = PBXBuildFile; fileRef = FBBD023B182692D1009D6386 /* pngwio.c */; };
		FBBD024B182692D1009D6386 /* pngwrite.c in Sources */ = {isa = PBXBuildFile; fileRef = FBBD023C182692D1009D6386 /* pngwrite.c */; };
		FBBD024C182692D1009D6386 /* pngwtran.c in Sources */ = {isa = PBXBuildFile; fileRef = FBBD023D182692D1009D6386 /* pngwtran.c */; };
		FBBD024D182692D1009D6386 /* pngwutil.c in Sources */ = {isa = PBXBuildFile; fileRef = FBBD023E182692D1009D6386 /* pngwutil.c */; };
		FBC49DC9186738A300A13B74 /* EventBuffer.cpp in Sources */ = {isa = PBXBuildFile; fileRef = FBC49DC6186738A300A13B74 /* EventBuffer.cpp */; };
		FBC49DCA186738A300A13B74 /* EventBufferPrivate.cpp in Sources */ = {isa = PBXBuildFile; fileRef = FBC49DC7186738A300A13B74 /* EventBufferPrivate.cpp */; };
		FBF1D49A181465B500B11368 /* AudioAsset.cpp in Sources */ = {isa = PBXBuildFile; fileRef = FBF1D48C181465B500B11368 /* AudioAsset.cpp */; };
		FBF1D49B181465B500B11368 /* AudioAssetPrivate.cpp in Sources */ = {isa = PBXBuildFile; fileRef = FBF1D48D181465B500B11368 /* AudioAssetPrivate.cpp */; };
		FBF1D49C181465B500B11368 /* AudioEngine.cpp in Sources */ = {isa = PBXBuildFile; fileRef = FBF1D48F181465B500B11368 /* AudioEngine.cpp */; };
		FBF1D49D181465B500B11368 /* AudioEnginePrivate-iOS.cpp in Sources */ = {isa = PBXBuildFile; fileRef = FBF1D490181465B500B11368 /* AudioEnginePrivate-iOS.cpp */; };
		FBF1D49E181465B500B11368 /* AudioResource.cpp in Sources */ = {isa = PBXBuildFile; fileRef = FBF1D492181465B500B11368 /* AudioResource.cpp */; };
		FBF1D49F181465B500B11368 /* Tracker.cpp in Sources */ = {isa = PBXBuildFile; fileRef = FBF1D494181465B500B11368 /* Tracker.cpp */; };
		FBF1D4A0181465B500B11368 /* TrackerProducerThread.cpp in Sources */ = {isa = PBXBuildFile; fileRef = FBF1D496181465B500B11368 /* TrackerProducerThread.cpp */; };
		FBF1D4A1181465B500B11368 /* TrackerSample.cpp in Sources */ = {isa = PBXBuildFile; fileRef = FBF1D498181465B500B11368 /* TrackerSample.cpp */; };
		FBF1D4AA1814663D00B11368 /* ShaderProgramAsset.cpp in Sources */ = {isa = PBXBuildFile; fileRef = FBF1D4A31814663D00B11368 /* ShaderProgramAsset.cpp */; };
		FBF1D4AB1814663D00B11368 /* ShaderProgramAssetPrivate-GLES2.cpp in Sources */ = {isa = PBXBuildFile; fileRef = FBF1D4A41814663D00B11368 /* ShaderProgramAssetPrivate-GLES2.cpp */; };
		FBF1D4AD1814663D00B11368 /* Window.cpp in Sources */ = {isa = PBXBuildFile; fileRef = FBF1D4A71814663D00B11368 /* Window.cpp */; };
/* End PBXBuildFile section */

/* Begin PBXContainerItemProxy section */
		FB852F0917F0D77200B15B66 /* PBXContainerItemProxy */ = {
			isa = PBXContainerItemProxy;
			containerPortal = FB852F0517F0D77200B15B66 /* sigc.xcodeproj */;
			proxyType = 2;
			remoteGlobalIDString = FBA302B215F3CAF000C9B2EC;
			remoteInfo = "sigc++";
		};
		FBBD0226182692A3009D6386 /* PBXContainerItemProxy */ = {
			isa = PBXContainerItemProxy;
			containerPortal = FB852F0517F0D77200B15B66 /* sigc.xcodeproj */;
			proxyType = 1;
			remoteGlobalIDString = FBA302B115F3CAF000C9B2EC;
			remoteInfo = "sigc++";
		};
/* End PBXContainerItemProxy section */

/* Begin PBXCopyFilesBuildPhase section */
		FBB114F117EF2A8300E913BA /* CopyFiles */ = {
			isa = PBXCopyFilesBuildPhase;
			buildActionMask = 8;
			dstPath = "include/${PRODUCT_NAME}";
			dstSubfolderSpec = 16;
			files = (
			);
			runOnlyForDeploymentPostprocessing = 1;
		};
/* End PBXCopyFilesBuildPhase section */

/* Begin PBXFileReference section */
		FB19B9EA18146F13001351D2 /* OpenGLES.framework */ = {isa = PBXFileReference; lastKnownFileType = wrapper.framework; name = OpenGLES.framework; path = System/Library/Frameworks/OpenGLES.framework; sourceTree = SDKROOT; };
		FB19B9ED18146F27001351D2 /* QuartzCore.framework */ = {isa = PBXFileReference; lastKnownFileType = wrapper.framework; name = QuartzCore.framework; path = System/Library/Frameworks/QuartzCore.framework; sourceTree = SDKROOT; };
		FB19B9EF18146F36001351D2 /* GLKit.framework */ = {isa = PBXFileReference; lastKnownFileType = wrapper.framework; name = GLKit.framework; path = System/Library/Frameworks/GLKit.framework; sourceTree = SDKROOT; };
		FB19B9F118146F53001351D2 /* libstdc++.dylib */ = {isa = PBXFileReference; lastKnownFileType = "compiled.mach-o.dylib"; name = "libstdc++.dylib"; path = "usr/lib/libstdc++.dylib"; sourceTree = SDKROOT; };
		FB19B9F318146F59001351D2 /* libz.dylib */ = {isa = PBXFileReference; lastKnownFileType = "compiled.mach-o.dylib"; name = libz.dylib; path = usr/lib/libz.dylib; sourceTree = SDKROOT; };
		FB79B5F51814722000B1758B /* WindowPrivate-iOS.cpp */ = {isa = PBXFileReference; explicitFileType = sourcecode.cpp.objcpp; fileEncoding = 4; name = "WindowPrivate-iOS.cpp"; path = "graphics/WindowPrivate-iOS.cpp"; sourceTree = "<group>"; };
		FB79B6871826678200B1758B /* FileHandle.cpp */ = {isa = PBXFileReference; explicitFileType = sourcecode.cpp.objcpp; fileEncoding = 4; name = FileHandle.cpp; path = base/FileHandle.cpp; sourceTree = "<group>"; };
		FB79B6881826678200B1758B /* Log.cpp */ = {isa = PBXFileReference; explicitFileType = sourcecode.cpp.objcpp; fileEncoding = 4; name = Log.cpp; path = base/Log.cpp; sourceTree = "<group>"; };
		FB79B6891826678200B1758B /* Mutex.cpp */ = {isa = PBXFileReference; explicitFileType = sourcecode.cpp.objcpp; fileEncoding = 4; name = Mutex.cpp; path = base/Mutex.cpp; sourceTree = "<group>"; };
		FB79B68A1826678200B1758B /* Referenced.cpp */ = {isa = PBXFileReference; explicitFileType = sourcecode.cpp.objcpp; fileEncoding = 4; name = Referenced.cpp; path = base/Referenced.cpp; sourceTree = "<group>"; };
		FB79B68B1826678200B1758B /* ResourceManager.cpp */ = {isa = PBXFileReference; explicitFileType = sourcecode.cpp.objcpp; fileEncoding = 4; name = ResourceManager.cpp; path = base/ResourceManager.cpp; sourceTree = "<group>"; };
		FB79B68C1826678200B1758B /* ResourceManagerPrivate.cpp */ = {isa = PBXFileReference; explicitFileType = sourcecode.cpp.objcpp; fileEncoding = 4; name = ResourceManagerPrivate.cpp; path = base/ResourceManagerPrivate.cpp; sourceTree = "<group>"; };
		FB79B68D1826678200B1758B /* Thread.cpp */ = {isa = PBXFileReference; explicitFileType = sourcecode.cpp.objcpp; fileEncoding = 4; name = Thread.cpp; path = base/Thread.cpp; sourceTree = "<group>"; };
		FB79B68E1826678200B1758B /* Timer.cpp */ = {isa = PBXFileReference; explicitFileType = sourcecode.cpp.objcpp; fileEncoding = 4; name = Timer.cpp; path = base/Timer.cpp; sourceTree = "<group>"; };
		FB79B698182667B800B1758B /* Component.cpp */ = {isa = PBXFileReference; fileEncoding = 4; lastKnownFileType = sourcecode.cpp.cpp; name = Component.cpp; path = scene/Component.cpp; sourceTree = "<group>"; };
		FB79B699182667B800B1758B /* Node.cpp */ = {isa = PBXFileReference; fileEncoding = 4; lastKnownFileType = sourcecode.cpp.cpp; name = Node.cpp; path = scene/Node.cpp; sourceTree = "<group>"; };
		FB79B69A182667B800B1758B /* NodePrivate.cpp */ = {isa = PBXFileReference; fileEncoding = 4; lastKnownFileType = sourcecode.cpp.cpp; name = NodePrivate.cpp; path = scene/NodePrivate.cpp; sourceTree = "<group>"; };
		FB79B6B318266F0400B1758B /* MeshAsset.cpp */ = {isa = PBXFileReference; explicitFileType = sourcecode.cpp.objcpp; fileEncoding = 4; name = MeshAsset.cpp; path = graphics/MeshAsset.cpp; sourceTree = "<group>"; };
		FB79B6B418266F0400B1758B /* MeshAssetPrivate-GLES2.cpp */ = {isa = PBXFileReference; explicitFileType = sourcecode.cpp.objcpp; fileEncoding = 4; name = "MeshAssetPrivate-GLES2.cpp"; path = "graphics/MeshAssetPrivate-GLES2.cpp"; sourceTree = "<group>"; };
		FB79B6B518266F0400B1758B /* MeshAssetPrivate.hpp */ = {isa = PBXFileReference; explicitFileType = sourcecode.cpp.objcpp; fileEncoding = 4; name = MeshAssetPrivate.hpp; path = graphics/MeshAssetPrivate.hpp; sourceTree = "<group>"; };
		FB79B6B618266F0400B1758B /* Renderer.cpp */ = {isa = PBXFileReference; explicitFileType = sourcecode.cpp.objcpp; fileEncoding = 4; name = Renderer.cpp; path = graphics/Renderer.cpp; sourceTree = "<group>"; };
		FB79B6B718266F0400B1758B /* RendererPrivate-GLES2.cpp */ = {isa = PBXFileReference; explicitFileType = sourcecode.cpp.objcpp; fileEncoding = 4; name = "RendererPrivate-GLES2.cpp"; path = "graphics/RendererPrivate-GLES2.cpp"; sourceTree = "<group>"; };
		FB79B6B818266F0400B1758B /* RendererPrivate.hpp */ = {isa = PBXFileReference; explicitFileType = sourcecode.cpp.objcpp; fileEncoding = 4; name = RendererPrivate.hpp; path = graphics/RendererPrivate.hpp; sourceTree = "<group>"; };
		FB79B6B918266F0400B1758B /* TextureAsset.cpp */ = {isa = PBXFileReference; explicitFileType = sourcecode.cpp.objcpp; fileEncoding = 4; name = TextureAsset.cpp; path = graphics/TextureAsset.cpp; sourceTree = "<group>"; };
		FB79B6BA18266F0400B1758B /* TextureAssetPrivate-GLES2.cpp */ = {isa = PBXFileReference; explicitFileType = sourcecode.cpp.cpp; fileEncoding = 4; name = "TextureAssetPrivate-GLES2.cpp"; path = "graphics/TextureAssetPrivate-GLES2.cpp"; sourceTree = "<group>"; };
		FB79B6BB18266F0400B1758B /* TextureAssetPrivate.hpp */ = {isa = PBXFileReference; explicitFileType = sourcecode.cpp.objcpp; fileEncoding = 4; name = TextureAssetPrivate.hpp; path = graphics/TextureAssetPrivate.hpp; sourceTree = "<group>"; };
		FB852F0517F0D77200B15B66 /* sigc.xcodeproj */ = {isa = PBXFileReference; lastKnownFileType = "wrapper.pb-project"; name = sigc.xcodeproj; path = ../../../libsigcpp/ios/sigc/sigc.xcodeproj; sourceTree = "<group>"; };
		FB8DA67418142B5D00725732 /* w */ = {isa = PBXFileReference; lastKnownFileType = folder; path = w; sourceTree = "<group>"; };
		FBB114F317EF2A8300E913BA /* libw.a */ = {isa = PBXFileReference; explicitFileType = archive.ar; includeInIndex = 0; path = libw.a; sourceTree = BUILT_PRODUCTS_DIR; };
		FBB114F617EF2A8300E913BA /* Foundation.framework */ = {isa = PBXFileReference; lastKnownFileType = wrapper.framework; name = Foundation.framework; path = System/Library/Frameworks/Foundation.framework; sourceTree = SDKROOT; };
		FBB114FA17EF2A8300E913BA /* libw-Prefix.pch */ = {isa = PBXFileReference; lastKnownFileType = sourcecode.c.h; path = "libw-Prefix.pch"; sourceTree = "<group>"; };
		FBBD022C182692D1009D6386 /* config.h */ = {isa = PBXFileReference; fileEncoding = 4; lastKnownFileType = sourcecode.c.h; name = config.h; path = ../../../libpng/src/config.h; sourceTree = "<group>"; };
		FBBD022D182692D1009D6386 /* png.c */ = {isa = PBXFileReference; fileEncoding = 4; lastKnownFileType = sourcecode.c.c; name = png.c; path = ../../../libpng/src/png.c; sourceTree = "<group>"; };
		FBBD022E182692D1009D6386 /* png.h */ = {isa = PBXFileReference; fileEncoding = 4; lastKnownFileType = sourcecode.c.h; name = png.h; path = ../../../libpng/src/png.h; sourceTree = "<group>"; };
		FBBD022F182692D1009D6386 /* pngconf.h */ = {isa = PBXFileReference; fileEncoding = 4; lastKnownFileType = sourcecode.c.h; name = pngconf.h; path = ../../../libpng/src/pngconf.h; sourceTree = "<group>"; };
		FBBD0230182692D1009D6386 /* pngerror.c */ = {isa = PBXFileReference; fileEncoding = 4; lastKnownFileType = sourcecode.c.c; name = pngerror.c; path = ../../../libpng/src/pngerror.c; sourceTree = "<group>"; };
		FBBD0231182692D1009D6386 /* pngget.c */ = {isa = PBXFileReference; fileEncoding = 4; lastKnownFileType = sourcecode.c.c; name = pngget.c; path = ../../../libpng/src/pngget.c; sourceTree = "<group>"; };
		FBBD0232182692D1009D6386 /* pngmem.c */ = {isa = PBXFileReference; fileEncoding = 4; lastKnownFileType = sourcecode.c.c; name = pngmem.c; path = ../../../libpng/src/pngmem.c; sourceTree = "<group>"; };
		FBBD0233182692D1009D6386 /* pngpread.c */ = {isa = PBXFileReference; fileEncoding = 4; lastKnownFileType = sourcecode.c.c; name = pngpread.c; path = ../../../libpng/src/pngpread.c; sourceTree = "<group>"; };
		FBBD0234182692D1009D6386 /* pngpriv.h */ = {isa = PBXFileReference; fileEncoding = 4; lastKnownFileType = sourcecode.c.h; name = pngpriv.h; path = ../../../libpng/src/pngpriv.h; sourceTree = "<group>"; };
		FBBD0235182692D1009D6386 /* pngread.c */ = {isa = PBXFileReference; fileEncoding = 4; lastKnownFileType = sourcecode.c.c; name = pngread.c; path = ../../../libpng/src/pngread.c; sourceTree = "<group>"; };
		FBBD0236182692D1009D6386 /* pngrio.c */ = {isa = PBXFileReference; fileEncoding = 4; lastKnownFileType = sourcecode.c.c; name = pngrio.c; path = ../../../libpng/src/pngrio.c; sourceTree = "<group>"; };
		FBBD0237182692D1009D6386 /* pngrtran.c */ = {isa = PBXFileReference; fileEncoding = 4; lastKnownFileType = sourcecode.c.c; name = pngrtran.c; path = ../../../libpng/src/pngrtran.c; sourceTree = "<group>"; };
		FBBD0238182692D1009D6386 /* pngrutil.c */ = {isa = PBXFileReference; fileEncoding = 4; lastKnownFileType = sourcecode.c.c; name = pngrutil.c; path = ../../../libpng/src/pngrutil.c; sourceTree = "<group>"; };
		FBBD0239182692D1009D6386 /* pngset.c */ = {isa = PBXFileReference; fileEncoding = 4; lastKnownFileType = sourcecode.c.c; name = pngset.c; path = ../../../libpng/src/pngset.c; sourceTree = "<group>"; };
		FBBD023A182692D1009D6386 /* pngtrans.c */ = {isa = PBXFileReference; fileEncoding = 4; lastKnownFileType = sourcecode.c.c; name = pngtrans.c; path = ../../../libpng/src/pngtrans.c; sourceTree = "<group>"; };
		FBBD023B182692D1009D6386 /* pngwio.c */ = {isa = PBXFileReference; fileEncoding = 4; lastKnownFileType = sourcecode.c.c; name = pngwio.c; path = ../../../libpng/src/pngwio.c; sourceTree = "<group>"; };
		FBBD023C182692D1009D6386 /* pngwrite.c */ = {isa = PBXFileReference; fileEncoding = 4; lastKnownFileType = sourcecode.c.c; name = pngwrite.c; path = ../../../libpng/src/pngwrite.c; sourceTree = "<group>"; };
		FBBD023D182692D1009D6386 /* pngwtran.c */ = {isa = PBXFileReference; fileEncoding = 4; lastKnownFileType = sourcecode.c.c; name = pngwtran.c; path = ../../../libpng/src/pngwtran.c; sourceTree = "<group>"; };
		FBBD023E182692D1009D6386 /* pngwutil.c */ = {isa = PBXFileReference; fileEncoding = 4; lastKnownFileType = sourcecode.c.c; name = pngwutil.c; path = ../../../libpng/src/pngwutil.c; sourceTree = "<group>"; };
		FBC49DC6186738A300A13B74 /* EventBuffer.cpp */ = {isa = PBXFileReference; fileEncoding = 4; lastKnownFileType = sourcecode.cpp.cpp; name = EventBuffer.cpp; path = events/EventBuffer.cpp; sourceTree = "<group>"; };
		FBC49DC7186738A300A13B74 /* EventBufferPrivate.cpp */ = {isa = PBXFileReference; fileEncoding = 4; lastKnownFileType = sourcecode.cpp.cpp; name = EventBufferPrivate.cpp; path = events/EventBufferPrivate.cpp; sourceTree = "<group>"; };
		FBC49DC8186738A300A13B74 /* EventBufferPrivate.hpp */ = {isa = PBXFileReference; fileEncoding = 4; lastKnownFileType = sourcecode.cpp.h; name = EventBufferPrivate.hpp; path = events/EventBufferPrivate.hpp; sourceTree = "<group>"; };
		FBF1D48C181465B500B11368 /* AudioAsset.cpp */ = {isa = PBXFileReference; explicitFileType = sourcecode.cpp.objcpp; fileEncoding = 4; name = AudioAsset.cpp; path = audio/AudioAsset.cpp; sourceTree = "<group>"; };
		FBF1D48D181465B500B11368 /* AudioAssetPrivate.cpp */ = {isa = PBXFileReference; explicitFileType = sourcecode.cpp.objcpp; fileEncoding = 4; name = AudioAssetPrivate.cpp; path = audio/AudioAssetPrivate.cpp; sourceTree = "<group>"; };
		FBF1D48E181465B500B11368 /* AudioAssetPrivate.hpp */ = {isa = PBXFileReference; explicitFileType = sourcecode.cpp.objcpp; fileEncoding = 4; name = AudioAssetPrivate.hpp; path = audio/AudioAssetPrivate.hpp; sourceTree = "<group>"; };
		FBF1D48F181465B500B11368 /* AudioEngine.cpp */ = {isa = PBXFileReference; explicitFileType = sourcecode.cpp.objcpp; fileEncoding = 4; name = AudioEngine.cpp; path = audio/AudioEngine.cpp; sourceTree = "<group>"; };
		FBF1D490181465B500B11368 /* AudioEnginePrivate-iOS.cpp */ = {isa = PBXFileReference; explicitFileType = sourcecode.cpp.objcpp; fileEncoding = 4; name = "AudioEnginePrivate-iOS.cpp"; path = "audio/AudioEnginePrivate-iOS.cpp"; sourceTree = "<group>"; };
		FBF1D491181465B500B11368 /* AudioEnginePrivate.hpp */ = {isa = PBXFileReference; explicitFileType = sourcecode.cpp.objcpp; fileEncoding = 4; name = AudioEnginePrivate.hpp; path = audio/AudioEnginePrivate.hpp; sourceTree = "<group>"; };
		FBF1D492181465B500B11368 /* AudioResource.cpp */ = {isa = PBXFileReference; explicitFileType = sourcecode.cpp.objcpp; fileEncoding = 4; name = AudioResource.cpp; path = audio/AudioResource.cpp; sourceTree = "<group>"; };
		FBF1D493181465B500B11368 /* AudioResource.hpp */ = {isa = PBXFileReference; explicitFileType = sourcecode.cpp.objcpp; fileEncoding = 4; name = AudioResource.hpp; path = audio/AudioResource.hpp; sourceTree = "<group>"; };
		FBF1D494181465B500B11368 /* Tracker.cpp */ = {isa = PBXFileReference; explicitFileType = sourcecode.cpp.objcpp; fileEncoding = 4; name = Tracker.cpp; path = audio/Tracker.cpp; sourceTree = "<group>"; };
		FBF1D495181465B500B11368 /* Tracker.hpp */ = {isa = PBXFileReference; explicitFileType = sourcecode.cpp.objcpp; fileEncoding = 4; name = Tracker.hpp; path = audio/Tracker.hpp; sourceTree = "<group>"; };
		FBF1D496181465B500B11368 /* TrackerProducerThread.cpp */ = {isa = PBXFileReference; explicitFileType = sourcecode.cpp.objcpp; fileEncoding = 4; name = TrackerProducerThread.cpp; path = audio/TrackerProducerThread.cpp; sourceTree = "<group>"; };
		FBF1D497181465B500B11368 /* TrackerProducerThread.hpp */ = {isa = PBXFileReference; explicitFileType = sourcecode.cpp.objcpp; fileEncoding = 4; name = TrackerProducerThread.hpp; path = audio/TrackerProducerThread.hpp; sourceTree = "<group>"; };
		FBF1D498181465B500B11368 /* TrackerSample.cpp */ = {isa = PBXFileReference; explicitFileType = sourcecode.cpp.objcpp; fileEncoding = 4; name = TrackerSample.cpp; path = audio/TrackerSample.cpp; sourceTree = "<group>"; };
		FBF1D499181465B500B11368 /* TrackerSample.hpp */ = {isa = PBXFileReference; explicitFileType = sourcecode.cpp.objcpp; fileEncoding = 4; name = TrackerSample.hpp; path = audio/TrackerSample.hpp; sourceTree = "<group>"; };
		FBF1D4A31814663D00B11368 /* ShaderProgramAsset.cpp */ = {isa = PBXFileReference; explicitFileType = sourcecode.cpp.objcpp; fileEncoding = 4; name = ShaderProgramAsset.cpp; path = graphics/ShaderProgramAsset.cpp; sourceTree = "<group>"; };
		FBF1D4A41814663D00B11368 /* ShaderProgramAssetPrivate-GLES2.cpp */ = {isa = PBXFileReference; explicitFileType = sourcecode.cpp.objcpp; fileEncoding = 4; name = "ShaderProgramAssetPrivate-GLES2.cpp"; path = "graphics/ShaderProgramAssetPrivate-GLES2.cpp"; sourceTree = "<group>"; };
		FBF1D4A61814663D00B11368 /* ShaderProgramAssetPrivate.hpp */ = {isa = PBXFileReference; explicitFileType = sourcecode.cpp.objcpp; fileEncoding = 4; name = ShaderProgramAssetPrivate.hpp; path = graphics/ShaderProgramAssetPrivate.hpp; sourceTree = "<group>"; };
		FBF1D4A71814663D00B11368 /* Window.cpp */ = {isa = PBXFileReference; explicitFileType = sourcecode.cpp.objcpp; fileEncoding = 4; name = Window.cpp; path = graphics/Window.cpp; sourceTree = "<group>"; };
		FBF1D4A91814663D00B11368 /* WindowPrivate.hpp */ = {isa = PBXFileReference; explicitFileType = sourcecode.cpp.objcpp; fileEncoding = 4; name = WindowPrivate.hpp; path = graphics/WindowPrivate.hpp; sourceTree = "<group>"; };
		FBF1D4B318146BAC00B11368 /* CoreGraphics.framework */ = {isa = PBXFileReference; lastKnownFileType = wrapper.framework; name = CoreGraphics.framework; path = System/Library/Frameworks/CoreGraphics.framework; sourceTree = SDKROOT; };
		FBF1D4B518146BB400B11368 /* AudioUnit.framework */ = {isa = PBXFileReference; lastKnownFileType = wrapper.framework; name = AudioUnit.framework; path = System/Library/Frameworks/AudioUnit.framework; sourceTree = SDKROOT; };
		FBF1D4B718146BB900B11368 /* AudioToolbox.framework */ = {isa = PBXFileReference; lastKnownFileType = wrapper.framework; name = AudioToolbox.framework; path = System/Library/Frameworks/AudioToolbox.framework; sourceTree = SDKROOT; };
		FBF1D4B918146BBC00B11368 /* AVFoundation.framework */ = {isa = PBXFileReference; lastKnownFileType = wrapper.framework; name = AVFoundation.framework; path = System/Library/Frameworks/AVFoundation.framework; sourceTree = SDKROOT; };
		FBF1D4BB18146BC100B11368 /* CoreAudio.framework */ = {isa = PBXFileReference; lastKnownFileType = wrapper.framework; name = CoreAudio.framework; path = System/Library/Frameworks/CoreAudio.framework; sourceTree = SDKROOT; };
/* End PBXFileReference section */

/* Begin PBXFrameworksBuildPhase section */
		FBB114F017EF2A8300E913BA /* Frameworks */ = {
			isa = PBXFrameworksBuildPhase;
			buildActionMask = 2147483647;
			files = (
				FBBD022A182692A7009D6386 /* libsigc++.a in Frameworks */,
				FB19B9F418146F59001351D2 /* libz.dylib in Frameworks */,
				FB19B9EB18146F13001351D2 /* OpenGLES.framework in Frameworks */,
			);
			runOnlyForDeploymentPostprocessing = 0;
		};
/* End PBXFrameworksBuildPhase section */

/* Begin PBXGroup section */
		FB79B6861826675200B1758B /* base */ = {
			isa = PBXGroup;
			children = (
				FB79B6871826678200B1758B /* FileHandle.cpp */,
				FB79B6881826678200B1758B /* Log.cpp */,
				FB79B6891826678200B1758B /* Mutex.cpp */,
				FB79B68A1826678200B1758B /* Referenced.cpp */,
				FB79B68B1826678200B1758B /* ResourceManager.cpp */,
				FB79B68C1826678200B1758B /* ResourceManagerPrivate.cpp */,
				FB79B68D1826678200B1758B /* Thread.cpp */,
				FB79B68E1826678200B1758B /* Timer.cpp */,
			);
			name = base;
			sourceTree = "<group>";
		};
		FB79B697182667A500B1758B /* scene */ = {
			isa = PBXGroup;
			children = (
				FB79B698182667B800B1758B /* Component.cpp */,
				FB79B69A182667B800B1758B /* NodePrivate.cpp */,
				FB79B699182667B800B1758B /* Node.cpp */,
			);
			name = scene;
			sourceTree = "<group>";
		};
		FB852F0617F0D77200B15B66 /* Products */ = {
			isa = PBXGroup;
			children = (
				FB852F0A17F0D77200B15B66 /* libsigc++.a */,
			);
			name = Products;
			sourceTree = "<group>";
		};
		FBB114EA17EF2A8300E913BA = {
			isa = PBXGroup;
			children = (
				FBBD022B182692BC009D6386 /* libpng_src */,
				FB852F0517F0D77200B15B66 /* sigc.xcodeproj */,
				FBB1158917EF311600E913BA /* include */,
				FBB1155017EF30E600E913BA /* src */,
				FBB114F817EF2A8300E913BA /* libw */,
				FBB114F517EF2A8300E913BA /* Frameworks */,
				FBB114F417EF2A8300E913BA /* Products */,
			);
			sourceTree = "<group>";
		};
		FBB114F417EF2A8300E913BA /* Products */ = {
			isa = PBXGroup;
			children = (
				FBB114F317EF2A8300E913BA /* libw.a */,
			);
			name = Products;
			sourceTree = "<group>";
		};
		FBB114F517EF2A8300E913BA /* Frameworks */ = {
			isa = PBXGroup;
			children = (
				FB19B9F318146F59001351D2 /* libz.dylib */,
				FB19B9F118146F53001351D2 /* libstdc++.dylib */,
				FB19B9EF18146F36001351D2 /* GLKit.framework */,
				FB19B9ED18146F27001351D2 /* QuartzCore.framework */,
				FB19B9EA18146F13001351D2 /* OpenGLES.framework */,
				FBF1D4BB18146BC100B11368 /* CoreAudio.framework */,
				FBF1D4B918146BBC00B11368 /* AVFoundation.framework */,
				FBF1D4B718146BB900B11368 /* AudioToolbox.framework */,
				FBF1D4B518146BB400B11368 /* AudioUnit.framework */,
				FBF1D4B318146BAC00B11368 /* CoreGraphics.framework */,
				FBB114F617EF2A8300E913BA /* Foundation.framework */,
			);
			name = Frameworks;
			sourceTree = "<group>";
		};
		FBB114F817EF2A8300E913BA /* libw */ = {
			isa = PBXGroup;
			children = (
				FBB114F917EF2A8300E913BA /* Supporting Files */,
			);
			path = libw;
			sourceTree = "<group>";
		};
		FBB114F917EF2A8300E913BA /* Supporting Files */ = {
			isa = PBXGroup;
			children = (
				FBB114FA17EF2A8300E913BA /* libw-Prefix.pch */,
			);
			name = "Supporting Files";
			sourceTree = "<group>";
		};
		FBB1155017EF30E600E913BA /* src */ = {
			isa = PBXGroup;
			children = (
				FBC49DC51867389700A13B74 /* events */,
				FB79B697182667A500B1758B /* scene */,
				FB79B6861826675200B1758B /* base */,
				FBF1D4A21814662A00B11368 /* graphics */,
				FBF1D48B1814659C00B11368 /* audio */,
			);
			name = src;
			path = ../../src;
			sourceTree = "<group>";
		};
		FBB1158917EF311600E913BA /* include */ = {
			isa = PBXGroup;
			children = (
				FB8DA67418142B5D00725732 /* w */,
			);
			name = include;
			path = ../../include;
			sourceTree = "<group>";
		};
		FBBD022B182692BC009D6386 /* libpng_src */ = {
			isa = PBXGroup;
			children = (
				FBBD022C182692D1009D6386 /* config.h */,
				FBBD022D182692D1009D6386 /* png.c */,
				FBBD022E182692D1009D6386 /* png.h */,
				FBBD022F182692D1009D6386 /* pngconf.h */,
				FBBD0230182692D1009D6386 /* pngerror.c */,
				FBBD0231182692D1009D6386 /* pngget.c */,
				FBBD0232182692D1009D6386 /* pngmem.c */,
				FBBD0233182692D1009D6386 /* pngpread.c */,
				FBBD0234182692D1009D6386 /* pngpriv.h */,
				FBBD0235182692D1009D6386 /* pngread.c */,
				FBBD0236182692D1009D6386 /* pngrio.c */,
				FBBD0237182692D1009D6386 /* pngrtran.c */,
				FBBD0238182692D1009D6386 /* pngrutil.c */,
				FBBD0239182692D1009D6386 /* pngset.c */,
				FBBD023A182692D1009D6386 /* pngtrans.c */,
				FBBD023B182692D1009D6386 /* pngwio.c */,
				FBBD023C182692D1009D6386 /* pngwrite.c */,
				FBBD023D182692D1009D6386 /* pngwtran.c */,
				FBBD023E182692D1009D6386 /* pngwutil.c */,
			);
			name = libpng_src;
			sourceTree = "<group>";
		};
		FBC49DC51867389700A13B74 /* events */ = {
			isa = PBXGroup;
			children = (
				FBC49DC6186738A300A13B74 /* EventBuffer.cpp */,
				FBC49DC7186738A300A13B74 /* EventBufferPrivate.cpp */,
				FBC49DC8186738A300A13B74 /* EventBufferPrivate.hpp */,
			);
			name = events;
			sourceTree = "<group>";
		};
		FBF1D48B1814659C00B11368 /* audio */ = {
			isa = PBXGroup;
			children = (
				FBF1D48C181465B500B11368 /* AudioAsset.cpp */,
				FBF1D48D181465B500B11368 /* AudioAssetPrivate.cpp */,
				FBF1D48E181465B500B11368 /* AudioAssetPrivate.hpp */,
				FBF1D48F181465B500B11368 /* AudioEngine.cpp */,
				FBF1D490181465B500B11368 /* AudioEnginePrivate-iOS.cpp */,
				FBF1D491181465B500B11368 /* AudioEnginePrivate.hpp */,
				FBF1D492181465B500B11368 /* AudioResource.cpp */,
				FBF1D493181465B500B11368 /* AudioResource.hpp */,
				FBF1D494181465B500B11368 /* Tracker.cpp */,
				FBF1D495181465B500B11368 /* Tracker.hpp */,
				FBF1D496181465B500B11368 /* TrackerProducerThread.cpp */,
				FBF1D497181465B500B11368 /* TrackerProducerThread.hpp */,
				FBF1D498181465B500B11368 /* TrackerSample.cpp */,
				FBF1D499181465B500B11368 /* TrackerSample.hpp */,
			);
			name = audio;
			sourceTree = "<group>";
		};
		FBF1D4A21814662A00B11368 /* graphics */ = {
			isa = PBXGroup;
			children = (
				FB79B6B318266F0400B1758B /* MeshAsset.cpp */,
				FB79B6B418266F0400B1758B /* MeshAssetPrivate-GLES2.cpp */,
				FB79B6B518266F0400B1758B /* MeshAssetPrivate.hpp */,
				FB79B6B618266F0400B1758B /* Renderer.cpp */,
				FB79B6B718266F0400B1758B /* RendererPrivate-GLES2.cpp */,
				FB79B6B818266F0400B1758B /* RendererPrivate.hpp */,
				FB79B6B918266F0400B1758B /* TextureAsset.cpp */,
				FB79B6BA18266F0400B1758B /* TextureAssetPrivate-GLES2.cpp */,
				FB79B6BB18266F0400B1758B /* TextureAssetPrivate.hpp */,
				FBF1D4A31814663D00B11368 /* ShaderProgramAsset.cpp */,
				FBF1D4A41814663D00B11368 /* ShaderProgramAssetPrivate-GLES2.cpp */,
				FBF1D4A61814663D00B11368 /* ShaderProgramAssetPrivate.hpp */,
				FBF1D4A71814663D00B11368 /* Window.cpp */,
				FBF1D4A91814663D00B11368 /* WindowPrivate.hpp */,
				FB79B5F51814722000B1758B /* WindowPrivate-iOS.cpp */,
			);
			name = graphics;
			sourceTree = "<group>";
		};
/* End PBXGroup section */

/* Begin PBXNativeTarget section */
		FBB114F217EF2A8300E913BA /* w */ = {
			isa = PBXNativeTarget;
			buildConfigurationList = FBB1150117EF2A8300E913BA /* Build configuration list for PBXNativeTarget "w" */;
			buildPhases = (
				FBB114EF17EF2A8300E913BA /* Sources */,
				FBB114F017EF2A8300E913BA /* Frameworks */,
				FBB114F117EF2A8300E913BA /* CopyFiles */,
			);
			buildRules = (
			);
			dependencies = (
				FBBD0227182692A3009D6386 /* PBXTargetDependency */,
			);
			name = w;
			productName = libw;
			productReference = FBB114F317EF2A8300E913BA /* libw.a */;
			productType = "com.apple.product-type.library.static";
		};
/* End PBXNativeTarget section */

/* Begin PBXProject section */
		FBB114EB17EF2A8300E913BA /* Project object */ = {
			isa = PBXProject;
			attributes = {
				LastUpgradeCheck = 0460;
				ORGANIZATIONNAME = "Woima Solutions Oy";
			};
			buildConfigurationList = FBB114EE17EF2A8300E913BA /* Build configuration list for PBXProject "libw" */;
			compatibilityVersion = "Xcode 3.2";
			developmentRegion = English;
			hasScannedForEncodings = 0;
			knownRegions = (
				en,
			);
			mainGroup = FBB114EA17EF2A8300E913BA;
			productRefGroup = FBB114F417EF2A8300E913BA /* Products */;
			projectDirPath = "";
			projectReferences = (
				{
					ProductGroup = FB852F0617F0D77200B15B66 /* Products */;
					ProjectRef = FB852F0517F0D77200B15B66 /* sigc.xcodeproj */;
				},
			);
			projectRoot = "";
			targets = (
				FBB114F217EF2A8300E913BA /* w */,
			);
		};
/* End PBXProject section */

/* Begin PBXReferenceProxy section */
		FB852F0A17F0D77200B15B66 /* libsigc++.a */ = {
			isa = PBXReferenceProxy;
			fileType = archive.ar;
			path = "libsigc++.a";
			remoteRef = FB852F0917F0D77200B15B66 /* PBXContainerItemProxy */;
			sourceTree = BUILT_PRODUCTS_DIR;
		};
/* End PBXReferenceProxy section */

/* Begin PBXSourcesBuildPhase section */
		FBB114EF17EF2A8300E913BA /* Sources */ = {
			isa = PBXSourcesBuildPhase;
			buildActionMask = 2147483647;
			files = (
				FBBD0247182692D1009D6386 /* pngrutil.c in Sources */,
				FBBD024A182692D1009D6386 /* pngwio.c in Sources */,
				FBF1D4AB1814663D00B11368 /* ShaderProgramAssetPrivate-GLES2.cpp in Sources */,
				FBBD024B182692D1009D6386 /* pngwrite.c in Sources */,
				FBF1D4A1181465B500B11368 /* TrackerSample.cpp in Sources */,
				FB79B6921826678200B1758B /* Referenced.cpp in Sources */,
				FB79B6961826678200B1758B /* Timer.cpp in Sources */,
				FBF1D49A181465B500B11368 /* AudioAsset.cpp in Sources */,
				FBBD024C182692D1009D6386 /* pngwtran.c in Sources */,
				FB79B6911826678200B1758B /* Mutex.cpp in Sources */,
				FBBD0244182692D1009D6386 /* pngread.c in Sources */,
				FBBD0249182692D1009D6386 /* pngtrans.c in Sources */,
				FB79B6BE18266F0400B1758B /* Renderer.cpp in Sources */,
				FBF1D49B181465B500B11368 /* AudioAssetPrivate.cpp in Sources */,
				FB79B6901826678200B1758B /* Log.cpp in Sources */,
				FBBD0240182692D1009D6386 /* pngerror.c in Sources */,
				FBC49DC9186738A300A13B74 /* EventBuffer.cpp in Sources */,
				FB79B6941826678200B1758B /* ResourceManagerPrivate.cpp in Sources */,
				FB79B68F1826678200B1758B /* FileHandle.cpp in Sources */,
				FBF1D49C181465B500B11368 /* AudioEngine.cpp in Sources */,
				FB79B6C118266F0400B1758B /* TextureAssetPrivate-GLES2.cpp in Sources */,
				FB79B6BF18266F0400B1758B /* RendererPrivate-GLES2.cpp in Sources */,
				FBF1D49E181465B500B11368 /* AudioResource.cpp in Sources */,
				FBBD0243182692D1009D6386 /* pngpread.c in Sources */,
				FBBD023F182692D1009D6386 /* png.c in Sources */,
				FBBD0248182692D1009D6386 /* pngset.c in Sources */,
				FBF1D49F181465B500B11368 /* Tracker.cpp in Sources */,
				FBBD0242182692D1009D6386 /* pngmem.c in Sources */,
				FBF1D4AD1814663D00B11368 /* Window.cpp in Sources */,
				FB79B6951826678200B1758B /* Thread.cpp in Sources */,
				FBBD024D182692D1009D6386 /* pngwutil.c in Sources */,
				FBBD0246182692D1009D6386 /* pngrtran.c in Sources */,
				FBC49DCA186738A300A13B74 /* EventBufferPrivate.cpp in Sources */,
				FB79B69E182667B800B1758B /* NodePrivate.cpp in Sources */,
				FB79B69D182667B800B1758B /* Node.cpp in Sources */,
				FB79B6931826678200B1758B /* ResourceManager.cpp in Sources */,
				FB79B69C182667B800B1758B /* Component.cpp in Sources */,
				FB79B6BC18266F0400B1758B /* MeshAsset.cpp in Sources */,
				FB79B5F61814722000B1758B /* WindowPrivate-iOS.cpp in Sources */,
				FB79B6BD18266F0400B1758B /* MeshAssetPrivate-GLES2.cpp in Sources */,
				FBF1D4AA1814663D00B11368 /* ShaderProgramAsset.cpp in Sources */,
				FBF1D4A0181465B500B11368 /* TrackerProducerThread.cpp in Sources */,
				FBBD0245182692D1009D6386 /* pngrio.c in Sources */,
				FB79B6C018266F0400B1758B /* TextureAsset.cpp in Sources */,
				FBBD0241182692D1009D6386 /* pngget.c in Sources */,
				FBF1D49D181465B500B11368 /* AudioEnginePrivate-iOS.cpp in Sources */,
			);
			runOnlyForDeploymentPostprocessing = 0;
		};
/* End PBXSourcesBuildPhase section */

/* Begin PBXTargetDependency section */
		FBBD0227182692A3009D6386 /* PBXTargetDependency */ = {
			isa = PBXTargetDependency;
			name = "sigc++";
			targetProxy = FBBD0226182692A3009D6386 /* PBXContainerItemProxy */;
		};
/* End PBXTargetDependency section */

/* Begin XCBuildConfiguration section */
		FBB114FF17EF2A8300E913BA /* Debug */ = {
			isa = XCBuildConfiguration;
			buildSettings = {
				ALWAYS_SEARCH_USER_PATHS = NO;
				CLANG_CXX_LANGUAGE_STANDARD = "gnu++0x";
				CLANG_CXX_LIBRARY = "libc++";
				CLANG_WARN_CONSTANT_CONVERSION = YES;
				CLANG_WARN_EMPTY_BODY = YES;
				CLANG_WARN_ENUM_CONVERSION = YES;
				CLANG_WARN_INT_CONVERSION = YES;
				CLANG_WARN__DUPLICATE_METHOD_MATCH = YES;
				COPY_PHASE_STRIP = NO;
				GCC_C_LANGUAGE_STANDARD = gnu99;
				GCC_DYNAMIC_NO_PIC = NO;
				GCC_OPTIMIZATION_LEVEL = 0;
				GCC_PREPROCESSOR_DEFINITIONS = (
					"DEBUG=1",
					"$(inherited)",
				);
				GCC_SYMBOLS_PRIVATE_EXTERN = NO;
				GCC_WARN_ABOUT_RETURN_TYPE = YES;
				GCC_WARN_UNINITIALIZED_AUTOS = YES;
				GCC_WARN_UNUSED_VARIABLE = YES;
				IPHONEOS_DEPLOYMENT_TARGET = 6.1;
				ONLY_ACTIVE_ARCH = YES;
				SDKROOT = iphoneos;
			};
			name = Debug;
		};
		FBB1150017EF2A8300E913BA /* Release */ = {
			isa = XCBuildConfiguration;
			buildSettings = {
				ALWAYS_SEARCH_USER_PATHS = NO;
				CLANG_CXX_LANGUAGE_STANDARD = "gnu++0x";
				CLANG_CXX_LIBRARY = "libc++";
				CLANG_WARN_CONSTANT_CONVERSION = YES;
				CLANG_WARN_EMPTY_BODY = YES;
				CLANG_WARN_ENUM_CONVERSION = YES;
				CLANG_WARN_INT_CONVERSION = YES;
				CLANG_WARN__DUPLICATE_METHOD_MATCH = YES;
				COPY_PHASE_STRIP = YES;
				GCC_C_LANGUAGE_STANDARD = gnu99;
				GCC_WARN_ABOUT_RETURN_TYPE = YES;
				GCC_WARN_UNINITIALIZED_AUTOS = YES;
				GCC_WARN_UNUSED_VARIABLE = YES;
				IPHONEOS_DEPLOYMENT_TARGET = 6.1;
				SDKROOT = iphoneos;
				VALIDATE_PRODUCT = YES;
			};
			name = Release;
		};
		FBB1150217EF2A8300E913BA /* Debug */ = {
			isa = XCBuildConfiguration;
			buildSettings = {
				ALWAYS_SEARCH_USER_PATHS = YES;
				DSTROOT = /tmp/libw.dst;
				GCC_PRECOMPILE_PREFIX_HEADER = YES;
				GCC_PREFIX_HEADER = "libw/libw-Prefix.pch";
				HEADER_SEARCH_PATHS = (
					../../include,
					"../../../libsigcpp/libsigc++-2.2.10/**",
					../../../libpng/src,
					"../../../eigen/eigen-3.2",
				);
				OTHER_LDFLAGS = "-ObjC";
				PRODUCT_NAME = "$(TARGET_NAME)";
				SKIP_INSTALL = YES;
			};
			name = Debug;
		};
		FBB1150317EF2A8300E913BA /* Release */ = {
			isa = XCBuildConfiguration;
			buildSettings = {
				ALWAYS_SEARCH_USER_PATHS = YES;
				DSTROOT = /tmp/libw.dst;
				GCC_PRECOMPILE_PREFIX_HEADER = YES;
				GCC_PREFIX_HEADER = "libw/libw-Prefix.pch";
				HEADER_SEARCH_PATHS = (
					../../include,
					"../../../libsigcpp/libsigc++-2.2.10/**",
					../../../libpng/src,
					"../../../eigen/eigen-3.2",
				);
				OTHER_LDFLAGS = "-ObjC";
				PRODUCT_NAME = "$(TARGET_NAME)";
				SKIP_INSTALL = YES;
			};
			name = Release;
		};
/* End XCBuildConfiguration section */

/* Begin XCConfigurationList section */
		FBB114EE17EF2A8300E913BA /* Build configuration list for PBXProject "libw" */ = {
			isa = XCConfigurationList;
			buildConfigurations = (
				FBB114FF17EF2A8300E913BA /* Debug */,
				FBB1150017EF2A8300E913BA /* Release */,
			);
			defaultConfigurationIsVisible = 0;
			defaultConfigurationName = Release;
		};
		FBB1150117EF2A8300E913BA /* Build configuration list for PBXNativeTarget "w" */ = {
			isa = XCConfigurationList;
			buildConfigurations = (
				FBB1150217EF2A8300E913BA /* Debug */,
				FBB1150317EF2A8300E913BA /* Release */,
			);
			defaultConfigurationIsVisible = 0;
			defaultConfigurationName = Release;
		};
/* End XCConfigurationList section */
	};
	rootObject = FBB114EB17EF2A8300E913BA /* Project object */;
}
