// !$*UTF8*$!
{
	archiveVersion = 1;
	classes = {
	};
	objectVersion = 46;
	objects = {

/* Begin PBXBuildFile section */
		FB19B9EB18146F13001351D2 /* OpenGLES.framework in Frameworks */ = {isa = PBXBuildFile; fileRef = FB19B9EA18146F13001351D2 /* OpenGLES.framework */; };
		FB3EC1481B36FF35003E1663 /* Bitmap.cpp in Sources */ = {isa = PBXBuildFile; fileRef = FB3EC1451B36FF35003E1663 /* Bitmap.cpp */; };
		FB3EC1491B36FF35003E1663 /* BitmapPrivate.cpp in Sources */ = {isa = PBXBuildFile; fileRef = FB3EC1461B36FF35003E1663 /* BitmapPrivate.cpp */; };
		FBBD022A182692A7009D6386 /* libsigc++.a in Frameworks */ = {isa = PBXBuildFile; fileRef = FB852F0A17F0D77200B15B66 /* libsigc++.a */; };
		FBF8670A1AC80D8B001C29F6 /* Aabb.cpp in Sources */ = {isa = PBXBuildFile; fileRef = FBF866F41AC80D8B001C29F6 /* Aabb.cpp */; };
		FBF8670B1AC80D8B001C29F6 /* FrameBuffer.cpp in Sources */ = {isa = PBXBuildFile; fileRef = FBF866F51AC80D8B001C29F6 /* FrameBuffer.cpp */; };
		FBF8670C1AC80D8B001C29F6 /* FrameBufferPrivate-GLES2.cpp in Sources */ = {isa = PBXBuildFile; fileRef = FBF866F61AC80D8B001C29F6 /* FrameBufferPrivate-GLES2.cpp */; };
		FBF8670D1AC80D8B001C29F6 /* MeshAsset.cpp in Sources */ = {isa = PBXBuildFile; fileRef = FBF866F81AC80D8B001C29F6 /* MeshAsset.cpp */; };
		FBF8670E1AC80D8B001C29F6 /* MeshAssetPrivate-GLES2.cpp in Sources */ = {isa = PBXBuildFile; fileRef = FBF866F91AC80D8B001C29F6 /* MeshAssetPrivate-GLES2.cpp */; };
		FBF8670F1AC80D8B001C29F6 /* PolygonAsset.cpp in Sources */ = {isa = PBXBuildFile; fileRef = FBF866FB1AC80D8B001C29F6 /* PolygonAsset.cpp */; };
		FBF867101AC80D8B001C29F6 /* PolygonAssetPrivate-GLES2.cpp in Sources */ = {isa = PBXBuildFile; fileRef = FBF866FC1AC80D8B001C29F6 /* PolygonAssetPrivate-GLES2.cpp */; };
		FBF867111AC80D8B001C29F6 /* Renderer.cpp in Sources */ = {isa = PBXBuildFile; fileRef = FBF866FE1AC80D8B001C29F6 /* Renderer.cpp */; };
		FBF867121AC80D8B001C29F6 /* RendererPrivate-GLES2.cpp in Sources */ = {isa = PBXBuildFile; fileRef = FBF866FF1AC80D8B001C29F6 /* RendererPrivate-GLES2.cpp */; };
		FBF867131AC80D8B001C29F6 /* ShaderProgramAsset.cpp in Sources */ = {isa = PBXBuildFile; fileRef = FBF867011AC80D8B001C29F6 /* ShaderProgramAsset.cpp */; };
		FBF867141AC80D8B001C29F6 /* ShaderProgramAssetPrivate-GLES2.cpp in Sources */ = {isa = PBXBuildFile; fileRef = FBF867021AC80D8B001C29F6 /* ShaderProgramAssetPrivate-GLES2.cpp */; };
		FBF867151AC80D8B001C29F6 /* TextureAsset.cpp in Sources */ = {isa = PBXBuildFile; fileRef = FBF867041AC80D8B001C29F6 /* TextureAsset.cpp */; };
		FBF867161AC80D8B001C29F6 /* TextureAssetPrivate-GLES2.cpp in Sources */ = {isa = PBXBuildFile; fileRef = FBF867051AC80D8B001C29F6 /* TextureAssetPrivate-GLES2.cpp */; };
		FBF867171AC80D8B001C29F6 /* Window.cpp in Sources */ = {isa = PBXBuildFile; fileRef = FBF867071AC80D8B001C29F6 /* Window.cpp */; };
		FBF867181AC80D8B001C29F6 /* WindowPrivate-iOS.cpp in Sources */ = {isa = PBXBuildFile; fileRef = FBF867081AC80D8B001C29F6 /* WindowPrivate-iOS.cpp */; };
		FBF867361AC816B4001C29F6 /* FileHandle.cpp in Sources */ = {isa = PBXBuildFile; fileRef = FBF8672D1AC816B4001C29F6 /* FileHandle.cpp */; };
		FBF867371AC816B4001C29F6 /* Log.cpp in Sources */ = {isa = PBXBuildFile; fileRef = FBF8672E1AC816B4001C29F6 /* Log.cpp */; };
		FBF867381AC816B4001C29F6 /* Mutex.cpp in Sources */ = {isa = PBXBuildFile; fileRef = FBF8672F1AC816B4001C29F6 /* Mutex.cpp */; };
		FBF867391AC816B4001C29F6 /* Random.cpp in Sources */ = {isa = PBXBuildFile; fileRef = FBF867301AC816B4001C29F6 /* Random.cpp */; };
		FBF8673A1AC816B4001C29F6 /* Referenced.cpp in Sources */ = {isa = PBXBuildFile; fileRef = FBF867311AC816B4001C29F6 /* Referenced.cpp */; };
		FBF8673B1AC816B4001C29F6 /* ResourceManager.cpp in Sources */ = {isa = PBXBuildFile; fileRef = FBF867321AC816B4001C29F6 /* ResourceManager.cpp */; };
		FBF8673C1AC816B4001C29F6 /* ResourceManagerPrivate.cpp in Sources */ = {isa = PBXBuildFile; fileRef = FBF867331AC816B4001C29F6 /* ResourceManagerPrivate.cpp */; };
		FBF8673D1AC816B4001C29F6 /* Thread.cpp in Sources */ = {isa = PBXBuildFile; fileRef = FBF867341AC816B4001C29F6 /* Thread.cpp */; };
		FBF8673E1AC816B4001C29F6 /* Timer.cpp in Sources */ = {isa = PBXBuildFile; fileRef = FBF867351AC816B4001C29F6 /* Timer.cpp */; };
		FBF8674A1AC817C2001C29F6 /* libpng.a in Frameworks */ = {isa = PBXBuildFile; fileRef = FBF867451AC81799001C29F6 /* libpng.a */; };
		FBF867741AC84043001C29F6 /* EventBuffer.cpp in Sources */ = {isa = PBXBuildFile; fileRef = FBF867711AC84043001C29F6 /* EventBuffer.cpp */; };
		FBF867751AC84043001C29F6 /* EventBufferPrivate.cpp in Sources */ = {isa = PBXBuildFile; fileRef = FBF867721AC84043001C29F6 /* EventBufferPrivate.cpp */; };
		FBF867C51AC84881001C29F6 /* Storage.cpp in Sources */ = {isa = PBXBuildFile; fileRef = FBF867C11AC84881001C29F6 /* Storage.cpp */; };
		FBF867C61AC84881001C29F6 /* StoragePrivate.cpp in Sources */ = {isa = PBXBuildFile; fileRef = FBF867C31AC84881001C29F6 /* StoragePrivate.cpp */; };
		FBF867C71AC848A9001C29F6 /* Foundation.framework in Frameworks */ = {isa = PBXBuildFile; fileRef = FBB114F617EF2A8300E913BA /* Foundation.framework */; };
		FBF867CF1AC850BA001C29F6 /* AbstractAnimation.cpp in Sources */ = {isa = PBXBuildFile; fileRef = FBF867C91AC850BA001C29F6 /* AbstractAnimation.cpp */; };
		FBF867D01AC850BA001C29F6 /* AnimationEngine.cpp in Sources */ = {isa = PBXBuildFile; fileRef = FBF867CA1AC850BA001C29F6 /* AnimationEngine.cpp */; };
		FBF867D11AC850BA001C29F6 /* AnimationEnginePrivate.cpp in Sources */ = {isa = PBXBuildFile; fileRef = FBF867CB1AC850BA001C29F6 /* AnimationEnginePrivate.cpp */; };
		FBF867D21AC850BA001C29F6 /* BezierCubicAnimation.cpp in Sources */ = {isa = PBXBuildFile; fileRef = FBF867CD1AC850BA001C29F6 /* BezierCubicAnimation.cpp */; };
		FBF867D31AC850BA001C29F6 /* PathAnimation.cpp in Sources */ = {isa = PBXBuildFile; fileRef = FBF867CE1AC850BA001C29F6 /* PathAnimation.cpp */; };
		FBF867D81AC850F2001C29F6 /* Component.cpp in Sources */ = {isa = PBXBuildFile; fileRef = FBF867D51AC850F2001C29F6 /* Component.cpp */; };
		FBF867D91AC850F2001C29F6 /* Node.cpp in Sources */ = {isa = PBXBuildFile; fileRef = FBF867D61AC850F2001C29F6 /* Node.cpp */; };
		FBF867DA1AC850F2001C29F6 /* NodePrivate.cpp in Sources */ = {isa = PBXBuildFile; fileRef = FBF867D71AC850F2001C29F6 /* NodePrivate.cpp */; };
/* End PBXBuildFile section */

/* Begin PBXContainerItemProxy section */
		FB852F0917F0D77200B15B66 /* PBXContainerItemProxy */ = {
			isa = PBXContainerItemProxy;
			containerPortal = FB852F0517F0D77200B15B66 /* sigc.xcodeproj */;
			proxyType = 2;
			remoteGlobalIDString = FBA302B215F3CAF000C9B2EC;
			remoteInfo = "sigc++";
		};
		FBBD0226182692A3009D6386 /* PBXContainerItemProxy */ = {
			isa = PBXContainerItemProxy;
			containerPortal = FB852F0517F0D77200B15B66 /* sigc.xcodeproj */;
			proxyType = 1;
			remoteGlobalIDString = FBA302B115F3CAF000C9B2EC;
			remoteInfo = "sigc++";
		};
		FBF867441AC81799001C29F6 /* PBXContainerItemProxy */ = {
			isa = PBXContainerItemProxy;
			containerPortal = FBF8673F1AC81798001C29F6 /* png.xcodeproj */;
			proxyType = 2;
			remoteGlobalIDString = FB3F74521826726D00C6F712;
			remoteInfo = png;
		};
		FBF867481AC817BC001C29F6 /* PBXContainerItemProxy */ = {
			isa = PBXContainerItemProxy;
			containerPortal = FBF8673F1AC81798001C29F6 /* png.xcodeproj */;
			proxyType = 1;
			remoteGlobalIDString = FB3F74511826726D00C6F712;
			remoteInfo = png;
		};
/* End PBXContainerItemProxy section */

/* Begin PBXCopyFilesBuildPhase section */
		FBB114F117EF2A8300E913BA /* CopyFiles */ = {
			isa = PBXCopyFilesBuildPhase;
			buildActionMask = 8;
			dstPath = "include/${PRODUCT_NAME}";
			dstSubfolderSpec = 16;
			files = (
			);
			runOnlyForDeploymentPostprocessing = 1;
		};
/* End PBXCopyFilesBuildPhase section */

/* Begin PBXFileReference section */
		E4F6DAF21C2B5117005A1CCC /* libz.tbd */ = {isa = PBXFileReference; lastKnownFileType = "sourcecode.text-based-dylib-definition"; name = libz.tbd; path = usr/lib/libz.tbd; sourceTree = SDKROOT; };
		FB19B9EA18146F13001351D2 /* OpenGLES.framework */ = {isa = PBXFileReference; lastKnownFileType = wrapper.framework; name = OpenGLES.framework; path = System/Library/Frameworks/OpenGLES.framework; sourceTree = SDKROOT; };
		FB19B9ED18146F27001351D2 /* QuartzCore.framework */ = {isa = PBXFileReference; lastKnownFileType = wrapper.framework; name = QuartzCore.framework; path = System/Library/Frameworks/QuartzCore.framework; sourceTree = SDKROOT; };
		FB19B9EF18146F36001351D2 /* GLKit.framework */ = {isa = PBXFileReference; lastKnownFileType = wrapper.framework; name = GLKit.framework; path = System/Library/Frameworks/GLKit.framework; sourceTree = SDKROOT; };
		FB19B9F118146F53001351D2 /* libstdc++.dylib */ = {isa = PBXFileReference; lastKnownFileType = "compiled.mach-o.dylib"; name = "libstdc++.dylib"; path = "usr/lib/libstdc++.dylib"; sourceTree = SDKROOT; };
		FB19B9F318146F59001351D2 /* libz.dylib */ = {isa = PBXFileReference; lastKnownFileType = "compiled.mach-o.dylib"; name = libz.dylib; path = usr/lib/libz.dylib; sourceTree = SDKROOT; };
		FB3EC1451B36FF35003E1663 /* Bitmap.cpp */ = {isa = PBXFileReference; fileEncoding = 4; lastKnownFileType = sourcecode.cpp.cpp; name = Bitmap.cpp; path = ../../src/graphics/Bitmap.cpp; sourceTree = "<group>"; };
		FB3EC1461B36FF35003E1663 /* BitmapPrivate.cpp */ = {isa = PBXFileReference; fileEncoding = 4; lastKnownFileType = sourcecode.cpp.cpp; name = BitmapPrivate.cpp; path = ../../src/graphics/BitmapPrivate.cpp; sourceTree = "<group>"; };
		FB3EC1471B36FF35003E1663 /* BitmapPrivate.hpp */ = {isa = PBXFileReference; fileEncoding = 4; lastKnownFileType = sourcecode.cpp.h; name = BitmapPrivate.hpp; path = ../../src/graphics/BitmapPrivate.hpp; sourceTree = "<group>"; };
		FB6AEE441AD954D20034D411 /* include */ = {isa = PBXFileReference; lastKnownFileType = folder; name = include; path = ../../include; sourceTree = "<group>"; };
		FB852F0517F0D77200B15B66 /* sigc.xcodeproj */ = {isa = PBXFileReference; lastKnownFileType = "wrapper.pb-project"; name = sigc.xcodeproj; path = ../../../libsigcpp/ios/sigc/sigc.xcodeproj; sourceTree = "<group>"; };
		FBB114F317EF2A8300E913BA /* libw.a */ = {isa = PBXFileReference; explicitFileType = archive.ar; includeInIndex = 0; path = libw.a; sourceTree = BUILT_PRODUCTS_DIR; };
		FBB114F617EF2A8300E913BA /* Foundation.framework */ = {isa = PBXFileReference; lastKnownFileType = wrapper.framework; name = Foundation.framework; path = System/Library/Frameworks/Foundation.framework; sourceTree = SDKROOT; };
		FBB114FA17EF2A8300E913BA /* libw-Prefix.pch */ = {isa = PBXFileReference; lastKnownFileType = sourcecode.c.h; path = "libw-Prefix.pch"; sourceTree = "<group>"; };
		FBF1D4B318146BAC00B11368 /* CoreGraphics.framework */ = {isa = PBXFileReference; lastKnownFileType = wrapper.framework; name = CoreGraphics.framework; path = System/Library/Frameworks/CoreGraphics.framework; sourceTree = SDKROOT; };
		FBF1D4B518146BB400B11368 /* AudioUnit.framework */ = {isa = PBXFileReference; lastKnownFileType = wrapper.framework; name = AudioUnit.framework; path = System/Library/Frameworks/AudioUnit.framework; sourceTree = SDKROOT; };
		FBF1D4B718146BB900B11368 /* AudioToolbox.framework */ = {isa = PBXFileReference; lastKnownFileType = wrapper.framework; name = AudioToolbox.framework; path = System/Library/Frameworks/AudioToolbox.framework; sourceTree = SDKROOT; };
		FBF1D4B918146BBC00B11368 /* AVFoundation.framework */ = {isa = PBXFileReference; lastKnownFileType = wrapper.framework; name = AVFoundation.framework; path = System/Library/Frameworks/AVFoundation.framework; sourceTree = SDKROOT; };
		FBF1D4BB18146BC100B11368 /* CoreAudio.framework */ = {isa = PBXFileReference; lastKnownFileType = wrapper.framework; name = CoreAudio.framework; path = System/Library/Frameworks/CoreAudio.framework; sourceTree = SDKROOT; };
		FBF866F41AC80D8B001C29F6 /* Aabb.cpp */ = {isa = PBXFileReference; explicitFileType = sourcecode.cpp.objcpp; fileEncoding = 4; name = Aabb.cpp; path = ../../src/graphics/Aabb.cpp; sourceTree = "<group>"; };
		FBF866F51AC80D8B001C29F6 /* FrameBuffer.cpp */ = {isa = PBXFileReference; explicitFileType = sourcecode.cpp.objcpp; fileEncoding = 4; name = FrameBuffer.cpp; path = ../../src/graphics/FrameBuffer.cpp; sourceTree = "<group>"; };
		FBF866F61AC80D8B001C29F6 /* FrameBufferPrivate-GLES2.cpp */ = {isa = PBXFileReference; explicitFileType = sourcecode.cpp.objcpp; fileEncoding = 4; name = "FrameBufferPrivate-GLES2.cpp"; path = "../../src/graphics/FrameBufferPrivate-GLES2.cpp"; sourceTree = "<group>"; };
		FBF866F71AC80D8B001C29F6 /* FrameBufferPrivate.hpp */ = {isa = PBXFileReference; explicitFileType = sourcecode.cpp.objcpp; fileEncoding = 4; name = FrameBufferPrivate.hpp; path = ../../src/graphics/FrameBufferPrivate.hpp; sourceTree = "<group>"; };
		FBF866F81AC80D8B001C29F6 /* MeshAsset.cpp */ = {isa = PBXFileReference; explicitFileType = sourcecode.cpp.objcpp; fileEncoding = 4; name = MeshAsset.cpp; path = ../../src/graphics/MeshAsset.cpp; sourceTree = "<group>"; };
		FBF866F91AC80D8B001C29F6 /* MeshAssetPrivate-GLES2.cpp */ = {isa = PBXFileReference; explicitFileType = sourcecode.cpp.objcpp; fileEncoding = 4; name = "MeshAssetPrivate-GLES2.cpp"; path = "../../src/graphics/MeshAssetPrivate-GLES2.cpp"; sourceTree = "<group>"; };
		FBF866FA1AC80D8B001C29F6 /* MeshAssetPrivate.hpp */ = {isa = PBXFileReference; explicitFileType = sourcecode.cpp.objcpp; fileEncoding = 4; name = MeshAssetPrivate.hpp; path = ../../src/graphics/MeshAssetPrivate.hpp; sourceTree = "<group>"; };
		FBF866FB1AC80D8B001C29F6 /* PolygonAsset.cpp */ = {isa = PBXFileReference; explicitFileType = sourcecode.cpp.objcpp; fileEncoding = 4; name = PolygonAsset.cpp; path = ../../src/graphics/PolygonAsset.cpp; sourceTree = "<group>"; };
		FBF866FC1AC80D8B001C29F6 /* PolygonAssetPrivate-GLES2.cpp */ = {isa = PBXFileReference; explicitFileType = sourcecode.cpp.objcpp; fileEncoding = 4; name = "PolygonAssetPrivate-GLES2.cpp"; path = "../../src/graphics/PolygonAssetPrivate-GLES2.cpp"; sourceTree = "<group>"; };
		FBF866FD1AC80D8B001C29F6 /* PolygonAssetPrivate.hpp */ = {isa = PBXFileReference; explicitFileType = sourcecode.cpp.objcpp; fileEncoding = 4; name = PolygonAssetPrivate.hpp; path = ../../src/graphics/PolygonAssetPrivate.hpp; sourceTree = "<group>"; };
		FBF866FE1AC80D8B001C29F6 /* Renderer.cpp */ = {isa = PBXFileReference; explicitFileType = sourcecode.cpp.objcpp; fileEncoding = 4; name = Renderer.cpp; path = ../../src/graphics/Renderer.cpp; sourceTree = "<group>"; };
		FBF866FF1AC80D8B001C29F6 /* RendererPrivate-GLES2.cpp */ = {isa = PBXFileReference; explicitFileType = sourcecode.cpp.objcpp; fileEncoding = 4; name = "RendererPrivate-GLES2.cpp"; path = "../../src/graphics/RendererPrivate-GLES2.cpp"; sourceTree = "<group>"; };
		FBF867001AC80D8B001C29F6 /* RendererPrivate.hpp */ = {isa = PBXFileReference; explicitFileType = sourcecode.cpp.objcpp; fileEncoding = 4; name = RendererPrivate.hpp; path = ../../src/graphics/RendererPrivate.hpp; sourceTree = "<group>"; };
		FBF867011AC80D8B001C29F6 /* ShaderProgramAsset.cpp */ = {isa = PBXFileReference; explicitFileType = sourcecode.cpp.objcpp; fileEncoding = 4; name = ShaderProgramAsset.cpp; path = ../../src/graphics/ShaderProgramAsset.cpp; sourceTree = "<group>"; };
		FBF867021AC80D8B001C29F6 /* ShaderProgramAssetPrivate-GLES2.cpp */ = {isa = PBXFileReference; explicitFileType = sourcecode.cpp.objcpp; fileEncoding = 4; name = "ShaderProgramAssetPrivate-GLES2.cpp"; path = "../../src/graphics/ShaderProgramAssetPrivate-GLES2.cpp"; sourceTree = "<group>"; };
		FBF867031AC80D8B001C29F6 /* ShaderProgramAssetPrivate.hpp */ = {isa = PBXFileReference; explicitFileType = sourcecode.cpp.objcpp; fileEncoding = 4; name = ShaderProgramAssetPrivate.hpp; path = ../../src/graphics/ShaderProgramAssetPrivate.hpp; sourceTree = "<group>"; };
		FBF867041AC80D8B001C29F6 /* TextureAsset.cpp */ = {isa = PBXFileReference; explicitFileType = sourcecode.cpp.objcpp; fileEncoding = 4; name = TextureAsset.cpp; path = ../../src/graphics/TextureAsset.cpp; sourceTree = "<group>"; };
		FBF867051AC80D8B001C29F6 /* TextureAssetPrivate-GLES2.cpp */ = {isa = PBXFileReference; explicitFileType = sourcecode.cpp.objcpp; fileEncoding = 4; name = "TextureAssetPrivate-GLES2.cpp"; path = "../../src/graphics/TextureAssetPrivate-GLES2.cpp"; sourceTree = "<group>"; };
		FBF867061AC80D8B001C29F6 /* TextureAssetPrivate.hpp */ = {isa = PBXFileReference; explicitFileType = sourcecode.cpp.objcpp; fileEncoding = 4; name = TextureAssetPrivate.hpp; path = ../../src/graphics/TextureAssetPrivate.hpp; sourceTree = "<group>"; };
		FBF867071AC80D8B001C29F6 /* Window.cpp */ = {isa = PBXFileReference; explicitFileType = sourcecode.cpp.objcpp; fileEncoding = 4; name = Window.cpp; path = ../../src/graphics/Window.cpp; sourceTree = "<group>"; };
		FBF867081AC80D8B001C29F6 /* WindowPrivate-iOS.cpp */ = {isa = PBXFileReference; explicitFileType = sourcecode.cpp.objcpp; fileEncoding = 4; name = "WindowPrivate-iOS.cpp"; path = "../../src/graphics/WindowPrivate-iOS.cpp"; sourceTree = "<group>"; };
		FBF867091AC80D8B001C29F6 /* WindowPrivate.hpp */ = {isa = PBXFileReference; explicitFileType = sourcecode.cpp.objcpp; fileEncoding = 4; name = WindowPrivate.hpp; path = ../../src/graphics/WindowPrivate.hpp; sourceTree = "<group>"; };
		FBF8672D1AC816B4001C29F6 /* FileHandle.cpp */ = {isa = PBXFileReference; explicitFileType = sourcecode.cpp.objcpp; fileEncoding = 4; name = FileHandle.cpp; path = ../../src/base/FileHandle.cpp; sourceTree = "<group>"; };
		FBF8672E1AC816B4001C29F6 /* Log.cpp */ = {isa = PBXFileReference; explicitFileType = sourcecode.cpp.objcpp; fileEncoding = 4; name = Log.cpp; path = ../../src/base/Log.cpp; sourceTree = "<group>"; };
		FBF8672F1AC816B4001C29F6 /* Mutex.cpp */ = {isa = PBXFileReference; explicitFileType = sourcecode.cpp.objcpp; fileEncoding = 4; name = Mutex.cpp; path = ../../src/base/Mutex.cpp; sourceTree = "<group>"; };
		FBF867301AC816B4001C29F6 /* Random.cpp */ = {isa = PBXFileReference; explicitFileType = sourcecode.cpp.objcpp; fileEncoding = 4; name = Random.cpp; path = ../../src/base/Random.cpp; sourceTree = "<group>"; };
		FBF867311AC816B4001C29F6 /* Referenced.cpp */ = {isa = PBXFileReference; explicitFileType = sourcecode.cpp.objcpp; fileEncoding = 4; name = Referenced.cpp; path = ../../src/base/Referenced.cpp; sourceTree = "<group>"; };
		FBF867321AC816B4001C29F6 /* ResourceManager.cpp */ = {isa = PBXFileReference; explicitFileType = sourcecode.cpp.objcpp; fileEncoding = 4; name = ResourceManager.cpp; path = ../../src/base/ResourceManager.cpp; sourceTree = "<group>"; };
		FBF867331AC816B4001C29F6 /* ResourceManagerPrivate.cpp */ = {isa = PBXFileReference; explicitFileType = sourcecode.cpp.objcpp; fileEncoding = 4; name = ResourceManagerPrivate.cpp; path = ../../src/base/ResourceManagerPrivate.cpp; sourceTree = "<group>"; };
		FBF867341AC816B4001C29F6 /* Thread.cpp */ = {isa = PBXFileReference; explicitFileType = sourcecode.cpp.objcpp; fileEncoding = 4; name = Thread.cpp; path = ../../src/base/Thread.cpp; sourceTree = "<group>"; };
		FBF867351AC816B4001C29F6 /* Timer.cpp */ = {isa = PBXFileReference; explicitFileType = sourcecode.cpp.objcpp; fileEncoding = 4; name = Timer.cpp; path = ../../src/base/Timer.cpp; sourceTree = "<group>"; };
		FBF8673F1AC81798001C29F6 /* png.xcodeproj */ = {isa = PBXFileReference; lastKnownFileType = "wrapper.pb-project"; name = png.xcodeproj; path = ../../../libpng/ios/png/png.xcodeproj; sourceTree = "<group>"; };
		FBF867711AC84043001C29F6 /* EventBuffer.cpp */ = {isa = PBXFileReference; explicitFileType = sourcecode.cpp.objcpp; fileEncoding = 4; name = EventBuffer.cpp; path = ../../src/events/EventBuffer.cpp; sourceTree = "<group>"; };
		FBF867721AC84043001C29F6 /* EventBufferPrivate.cpp */ = {isa = PBXFileReference; explicitFileType = sourcecode.cpp.objcpp; fileEncoding = 4; name = EventBufferPrivate.cpp; path = ../../src/events/EventBufferPrivate.cpp; sourceTree = "<group>"; };
		FBF867731AC84043001C29F6 /* EventBufferPrivate.hpp */ = {isa = PBXFileReference; explicitFileType = sourcecode.cpp.objcpp; fileEncoding = 4; name = EventBufferPrivate.hpp; path = ../../src/events/EventBufferPrivate.hpp; sourceTree = "<group>"; };
		FBF867C11AC84881001C29F6 /* Storage.cpp */ = {isa = PBXFileReference; explicitFileType = sourcecode.cpp.objcpp; fileEncoding = 4; name = Storage.cpp; path = ../../src/storage/Storage.cpp; sourceTree = "<group>"; };
		FBF867C21AC84881001C29F6 /* StorageItem.hpp */ = {isa = PBXFileReference; explicitFileType = sourcecode.cpp.objcpp; fileEncoding = 4; name = StorageItem.hpp; path = ../../src/storage/StorageItem.hpp; sourceTree = "<group>"; };
		FBF867C31AC84881001C29F6 /* StoragePrivate.cpp */ = {isa = PBXFileReference; explicitFileType = sourcecode.cpp.objcpp; fileEncoding = 4; name = StoragePrivate.cpp; path = ../../src/storage/StoragePrivate.cpp; sourceTree = "<group>"; };
		FBF867C41AC84881001C29F6 /* StoragePrivate.hpp */ = {isa = PBXFileReference; explicitFileType = sourcecode.cpp.objcpp; fileEncoding = 4; name = StoragePrivate.hpp; path = ../../src/storage/StoragePrivate.hpp; sourceTree = "<group>"; };
		FBF867C91AC850BA001C29F6 /* AbstractAnimation.cpp */ = {isa = PBXFileReference; explicitFileType = sourcecode.cpp.objcpp; fileEncoding = 4; name = AbstractAnimation.cpp; path = ../../src/animation/AbstractAnimation.cpp; sourceTree = "<group>"; };
		FBF867CA1AC850BA001C29F6 /* AnimationEngine.cpp */ = {isa = PBXFileReference; explicitFileType = sourcecode.cpp.objcpp; fileEncoding = 4; name = AnimationEngine.cpp; path = ../../src/animation/AnimationEngine.cpp; sourceTree = "<group>"; };
		FBF867CB1AC850BA001C29F6 /* AnimationEnginePrivate.cpp */ = {isa = PBXFileReference; explicitFileType = sourcecode.cpp.objcpp; fileEncoding = 4; name = AnimationEnginePrivate.cpp; path = ../../src/animation/AnimationEnginePrivate.cpp; sourceTree = "<group>"; };
		FBF867CC1AC850BA001C29F6 /* AnimationEnginePrivate.hpp */ = {isa = PBXFileReference; explicitFileType = sourcecode.cpp.objcpp; fileEncoding = 4; name = AnimationEnginePrivate.hpp; path = ../../src/animation/AnimationEnginePrivate.hpp; sourceTree = "<group>"; };
		FBF867CD1AC850BA001C29F6 /* BezierCubicAnimation.cpp */ = {isa = PBXFileReference; explicitFileType = sourcecode.cpp.objcpp; fileEncoding = 4; name = BezierCubicAnimation.cpp; path = ../../src/animation/BezierCubicAnimation.cpp; sourceTree = "<group>"; };
		FBF867CE1AC850BA001C29F6 /* PathAnimation.cpp */ = {isa = PBXFileReference; explicitFileType = sourcecode.cpp.objcpp; fileEncoding = 4; name = PathAnimation.cpp; path = ../../src/animation/PathAnimation.cpp; sourceTree = "<group>"; };
		FBF867D51AC850F2001C29F6 /* Component.cpp */ = {isa = PBXFileReference; explicitFileType = sourcecode.cpp.objcpp; fileEncoding = 4; name = Component.cpp; path = ../../src/scene/Component.cpp; sourceTree = "<group>"; };
		FBF867D61AC850F2001C29F6 /* Node.cpp */ = {isa = PBXFileReference; explicitFileType = sourcecode.cpp.objcpp; fileEncoding = 4; name = Node.cpp; path = ../../src/scene/Node.cpp; sourceTree = "<group>"; };
		FBF867D71AC850F2001C29F6 /* NodePrivate.cpp */ = {isa = PBXFileReference; explicitFileType = sourcecode.cpp.objcpp; fileEncoding = 4; name = NodePrivate.cpp; path = ../../src/scene/NodePrivate.cpp; sourceTree = "<group>"; };
/* End PBXFileReference section */

/* Begin PBXFrameworksBuildPhase section */
		FBB114F017EF2A8300E913BA /* Frameworks */ = {
			isa = PBXFrameworksBuildPhase;
			buildActionMask = 2147483647;
			files = (
				FBF8674A1AC817C2001C29F6 /* libpng.a in Frameworks */,
				FBBD022A182692A7009D6386 /* libsigc++.a in Frameworks */,
				FB19B9EB18146F13001351D2 /* OpenGLES.framework in Frameworks */,
				FBF867C71AC848A9001C29F6 /* Foundation.framework in Frameworks */,
			);
			runOnlyForDeploymentPostprocessing = 0;
		};
/* End PBXFrameworksBuildPhase section */

/* Begin PBXGroup section */
		FB852F0617F0D77200B15B66 /* Products */ = {
			isa = PBXGroup;
			children = (
				FB852F0A17F0D77200B15B66 /* libsigc++.a */,
			);
			name = Products;
			sourceTree = "<group>";
		};
		FBB114EA17EF2A8300E913BA = {
			isa = PBXGroup;
			children = (
				FB6AEE441AD954D20034D411 /* include */,
				FBF866F21AC80D57001C29F6 /* src */,
				FBB114F517EF2A8300E913BA /* Frameworks */,
				FBB114F417EF2A8300E913BA /* Products */,
				FBB114F917EF2A8300E913BA /* Supporting Files */,
				FB852F0517F0D77200B15B66 /* sigc.xcodeproj */,
				FBF8673F1AC81798001C29F6 /* png.xcodeproj */,
			);
			sourceTree = "<group>";
		};
		FBB114F417EF2A8300E913BA /* Products */ = {
			isa = PBXGroup;
			children = (
				FBB114F317EF2A8300E913BA /* libw.a */,
			);
			name = Products;
			sourceTree = "<group>";
		};
		FBB114F517EF2A8300E913BA /* Frameworks */ = {
			isa = PBXGroup;
			children = (
				E4F6DAF21C2B5117005A1CCC /* libz.tbd */,
				FB19B9F318146F59001351D2 /* libz.dylib */,
				FB19B9F118146F53001351D2 /* libstdc++.dylib */,
				FB19B9EF18146F36001351D2 /* GLKit.framework */,
				FB19B9ED18146F27001351D2 /* QuartzCore.framework */,
				FB19B9EA18146F13001351D2 /* OpenGLES.framework */,
				FBF1D4BB18146BC100B11368 /* CoreAudio.framework */,
				FBF1D4B918146BBC00B11368 /* AVFoundation.framework */,
				FBF1D4B718146BB900B11368 /* AudioToolbox.framework */,
				FBF1D4B518146BB400B11368 /* AudioUnit.framework */,
				FBF1D4B318146BAC00B11368 /* CoreGraphics.framework */,
				FBB114F617EF2A8300E913BA /* Foundation.framework */,
			);
			name = Frameworks;
			sourceTree = "<group>";
		};
		FBB114F917EF2A8300E913BA /* Supporting Files */ = {
			isa = PBXGroup;
			children = (
				FBB114FA17EF2A8300E913BA /* libw-Prefix.pch */,
			);
			name = "Supporting Files";
			path = libw;
			sourceTree = "<group>";
		};
		FBF866F21AC80D57001C29F6 /* src */ = {
			isa = PBXGroup;
			children = (
				FBF867D41AC850D6001C29F6 /* scene */,
				FBF867C81AC84B24001C29F6 /* animation */,
				FBF867BF1AC84863001C29F6 /* storage */,
				FBF867701AC8402D001C29F6 /* events */,
				FBF8672C1AC816A5001C29F6 /* base */,
				FBF866F31AC80D5E001C29F6 /* graphics */,
			);
			name = src;
			sourceTree = "<group>";
		};
		FBF866F31AC80D5E001C29F6 /* graphics */ = {
			isa = PBXGroup;
			children = (
				FB3EC1451B36FF35003E1663 /* Bitmap.cpp */,
				FB3EC1461B36FF35003E1663 /* BitmapPrivate.cpp */,
				FB3EC1471B36FF35003E1663 /* BitmapPrivate.hpp */,
				FBF866F41AC80D8B001C29F6 /* Aabb.cpp */,
				FBF866F51AC80D8B001C29F6 /* FrameBuffer.cpp */,
				FBF866F61AC80D8B001C29F6 /* FrameBufferPrivate-GLES2.cpp */,
				FBF866F71AC80D8B001C29F6 /* FrameBufferPrivate.hpp */,
				FBF866F81AC80D8B001C29F6 /* MeshAsset.cpp */,
				FBF866F91AC80D8B001C29F6 /* MeshAssetPrivate-GLES2.cpp */,
				FBF866FA1AC80D8B001C29F6 /* MeshAssetPrivate.hpp */,
				FBF866FB1AC80D8B001C29F6 /* PolygonAsset.cpp */,
				FBF866FC1AC80D8B001C29F6 /* PolygonAssetPrivate-GLES2.cpp */,
				FBF866FD1AC80D8B001C29F6 /* PolygonAssetPrivate.hpp */,
				FBF866FE1AC80D8B001C29F6 /* Renderer.cpp */,
				FBF866FF1AC80D8B001C29F6 /* RendererPrivate-GLES2.cpp */,
				FBF867001AC80D8B001C29F6 /* RendererPrivate.hpp */,
				FBF867011AC80D8B001C29F6 /* ShaderProgramAsset.cpp */,
				FBF867021AC80D8B001C29F6 /* ShaderProgramAssetPrivate-GLES2.cpp */,
				FBF867031AC80D8B001C29F6 /* ShaderProgramAssetPrivate.hpp */,
				FBF867041AC80D8B001C29F6 /* TextureAsset.cpp */,
				FBF867051AC80D8B001C29F6 /* TextureAssetPrivate-GLES2.cpp */,
				FBF867061AC80D8B001C29F6 /* TextureAssetPrivate.hpp */,
				FBF867071AC80D8B001C29F6 /* Window.cpp */,
				FBF867081AC80D8B001C29F6 /* WindowPrivate-iOS.cpp */,
				FBF867091AC80D8B001C29F6 /* WindowPrivate.hpp */,
			);
			name = graphics;
			sourceTree = "<group>";
		};
		FBF8672C1AC816A5001C29F6 /* base */ = {
			isa = PBXGroup;
			children = (
				FBF8672D1AC816B4001C29F6 /* FileHandle.cpp */,
				FBF8672E1AC816B4001C29F6 /* Log.cpp */,
				FBF8672F1AC816B4001C29F6 /* Mutex.cpp */,
				FBF867301AC816B4001C29F6 /* Random.cpp */,
				FBF867311AC816B4001C29F6 /* Referenced.cpp */,
				FBF867321AC816B4001C29F6 /* ResourceManager.cpp */,
				FBF867331AC816B4001C29F6 /* ResourceManagerPrivate.cpp */,
				FBF867341AC816B4001C29F6 /* Thread.cpp */,
				FBF867351AC816B4001C29F6 /* Timer.cpp */,
			);
			name = base;
			sourceTree = "<group>";
		};
		FBF867401AC81798001C29F6 /* Products */ = {
			isa = PBXGroup;
			children = (
				FBF867451AC81799001C29F6 /* libpng.a */,
			);
			name = Products;
			sourceTree = "<group>";
		};
		FBF867701AC8402D001C29F6 /* events */ = {
			isa = PBXGroup;
			children = (
				FBF867711AC84043001C29F6 /* EventBuffer.cpp */,
				FBF867721AC84043001C29F6 /* EventBufferPrivate.cpp */,
				FBF867731AC84043001C29F6 /* EventBufferPrivate.hpp */,
			);
			name = events;
			sourceTree = "<group>";
		};
		FBF867BF1AC84863001C29F6 /* storage */ = {
			isa = PBXGroup;
			children = (
				FBF867C11AC84881001C29F6 /* Storage.cpp */,
				FBF867C21AC84881001C29F6 /* StorageItem.hpp */,
				FBF867C31AC84881001C29F6 /* StoragePrivate.cpp */,
				FBF867C41AC84881001C29F6 /* StoragePrivate.hpp */,
			);
			name = storage;
			sourceTree = "<group>";
		};
		FBF867C81AC84B24001C29F6 /* animation */ = {
			isa = PBXGroup;
			children = (
				FBF867C91AC850BA001C29F6 /* AbstractAnimation.cpp */,
				FBF867CA1AC850BA001C29F6 /* AnimationEngine.cpp */,
				FBF867CB1AC850BA001C29F6 /* AnimationEnginePrivate.cpp */,
				FBF867CC1AC850BA001C29F6 /* AnimationEnginePrivate.hpp */,
				FBF867CD1AC850BA001C29F6 /* BezierCubicAnimation.cpp */,
				FBF867CE1AC850BA001C29F6 /* PathAnimation.cpp */,
			);
			name = animation;
			sourceTree = "<group>";
		};
		FBF867D41AC850D6001C29F6 /* scene */ = {
			isa = PBXGroup;
			children = (
				FBF867D51AC850F2001C29F6 /* Component.cpp */,
				FBF867D61AC850F2001C29F6 /* Node.cpp */,
				FBF867D71AC850F2001C29F6 /* NodePrivate.cpp */,
			);
			name = scene;
			sourceTree = "<group>";
		};
/* End PBXGroup section */

/* Begin PBXNativeTarget section */
		FBB114F217EF2A8300E913BA /* w */ = {
			isa = PBXNativeTarget;
			buildConfigurationList = FBB1150117EF2A8300E913BA /* Build configuration list for PBXNativeTarget "w" */;
			buildPhases = (
				FBB114EF17EF2A8300E913BA /* Sources */,
				FBB114F017EF2A8300E913BA /* Frameworks */,
				FBB114F117EF2A8300E913BA /* CopyFiles */,
			);
			buildRules = (
			);
			dependencies = (
				FBF867491AC817BC001C29F6 /* PBXTargetDependency */,
				FBBD0227182692A3009D6386 /* PBXTargetDependency */,
			);
			name = w;
			productName = libw;
			productReference = FBB114F317EF2A8300E913BA /* libw.a */;
			productType = "com.apple.product-type.library.static";
		};
/* End PBXNativeTarget section */

/* Begin PBXProject section */
		FBB114EB17EF2A8300E913BA /* Project object */ = {
			isa = PBXProject;
			attributes = {
				LastUpgradeCheck = 0460;
				ORGANIZATIONNAME = "Woima Solutions Oy";
			};
			buildConfigurationList = FBB114EE17EF2A8300E913BA /* Build configuration list for PBXProject "libw" */;
			compatibilityVersion = "Xcode 3.2";
			developmentRegion = English;
			hasScannedForEncodings = 0;
			knownRegions = (
				en,
			);
			mainGroup = FBB114EA17EF2A8300E913BA;
			productRefGroup = FBB114F417EF2A8300E913BA /* Products */;
			projectDirPath = "";
			projectReferences = (
				{
					ProductGroup = FBF867401AC81798001C29F6 /* Products */;
					ProjectRef = FBF8673F1AC81798001C29F6 /* png.xcodeproj */;
				},
				{
					ProductGroup = FB852F0617F0D77200B15B66 /* Products */;
					ProjectRef = FB852F0517F0D77200B15B66 /* sigc.xcodeproj */;
				},
			);
			projectRoot = "";
			targets = (
				FBB114F217EF2A8300E913BA /* w */,
			);
		};
/* End PBXProject section */

/* Begin PBXReferenceProxy section */
		FB852F0A17F0D77200B15B66 /* libsigc++.a */ = {
			isa = PBXReferenceProxy;
			fileType = archive.ar;
			path = "libsigc++.a";
			remoteRef = FB852F0917F0D77200B15B66 /* PBXContainerItemProxy */;
			sourceTree = BUILT_PRODUCTS_DIR;
		};
		FBF867451AC81799001C29F6 /* libpng.a */ = {
			isa = PBXReferenceProxy;
			fileType = archive.ar;
			path = libpng.a;
			remoteRef = FBF867441AC81799001C29F6 /* PBXContainerItemProxy */;
			sourceTree = BUILT_PRODUCTS_DIR;
		};
/* End PBXReferenceProxy section */

/* Begin PBXSourcesBuildPhase section */
		FBB114EF17EF2A8300E913BA /* Sources */ = {
			isa = PBXSourcesBuildPhase;
			buildActionMask = 2147483647;
			files = (
				FB3EC1481B36FF35003E1663 /* Bitmap.cpp in Sources */,
				FBF8670E1AC80D8B001C29F6 /* MeshAssetPrivate-GLES2.cpp in Sources */,
				FB3EC1491B36FF35003E1663 /* BitmapPrivate.cpp in Sources */,
				FBF867741AC84043001C29F6 /* EventBuffer.cpp in Sources */,
				FBF8670C1AC80D8B001C29F6 /* FrameBufferPrivate-GLES2.cpp in Sources */,
				FBF867C61AC84881001C29F6 /* StoragePrivate.cpp in Sources */,
				FBF867131AC80D8B001C29F6 /* ShaderProgramAsset.cpp in Sources */,
				FBF8673E1AC816B4001C29F6 /* Timer.cpp in Sources */,
				FBF867371AC816B4001C29F6 /* Log.cpp in Sources */,
				FBF867121AC80D8B001C29F6 /* RendererPrivate-GLES2.cpp in Sources */,
				FBF8673C1AC816B4001C29F6 /* ResourceManagerPrivate.cpp in Sources */,
				FBF867391AC816B4001C29F6 /* Random.cpp in Sources */,
				FBF8670F1AC80D8B001C29F6 /* PolygonAsset.cpp in Sources */,
				FBF867161AC80D8B001C29F6 /* TextureAssetPrivate-GLES2.cpp in Sources */,
				FBF8673D1AC816B4001C29F6 /* Thread.cpp in Sources */,
				FBF867181AC80D8B001C29F6 /* WindowPrivate-iOS.cpp in Sources */,
				FBF8670B1AC80D8B001C29F6 /* FrameBuffer.cpp in Sources */,
				FBF867D81AC850F2001C29F6 /* Component.cpp in Sources */,
				FBF867D31AC850BA001C29F6 /* PathAnimation.cpp in Sources */,
				FBF8673A1AC816B4001C29F6 /* Referenced.cpp in Sources */,
				FBF867D21AC850BA001C29F6 /* BezierCubicAnimation.cpp in Sources */,
				FBF867C51AC84881001C29F6 /* Storage.cpp in Sources */,
				FBF867381AC816B4001C29F6 /* Mutex.cpp in Sources */,
				FBF867D11AC850BA001C29F6 /* AnimationEnginePrivate.cpp in Sources */,
				FBF867D01AC850BA001C29F6 /* AnimationEngine.cpp in Sources */,
				FBF867751AC84043001C29F6 /* EventBufferPrivate.cpp in Sources */,
				FBF867141AC80D8B001C29F6 /* ShaderProgramAssetPrivate-GLES2.cpp in Sources */,
				FBF867DA1AC850F2001C29F6 /* NodePrivate.cpp in Sources */,
				FBF867151AC80D8B001C29F6 /* TextureAsset.cpp in Sources */,
				FBF8673B1AC816B4001C29F6 /* ResourceManager.cpp in Sources */,
				FBF867171AC80D8B001C29F6 /* Window.cpp in Sources */,
				FBF867361AC816B4001C29F6 /* FileHandle.cpp in Sources */,
				FBF867D91AC850F2001C29F6 /* Node.cpp in Sources */,
				FBF867101AC80D8B001C29F6 /* PolygonAssetPrivate-GLES2.cpp in Sources */,
				FBF867CF1AC850BA001C29F6 /* AbstractAnimation.cpp in Sources */,
				FBF8670D1AC80D8B001C29F6 /* MeshAsset.cpp in Sources */,
				FBF867111AC80D8B001C29F6 /* Renderer.cpp in Sources */,
				FBF8670A1AC80D8B001C29F6 /* Aabb.cpp in Sources */,
			);
			runOnlyForDeploymentPostprocessing = 0;
		};
/* End PBXSourcesBuildPhase section */

/* Begin PBXTargetDependency section */
		FBBD0227182692A3009D6386 /* PBXTargetDependency */ = {
			isa = PBXTargetDependency;
			name = "sigc++";
			targetProxy = FBBD0226182692A3009D6386 /* PBXContainerItemProxy */;
		};
		FBF867491AC817BC001C29F6 /* PBXTargetDependency */ = {
			isa = PBXTargetDependency;
			name = png;
			targetProxy = FBF867481AC817BC001C29F6 /* PBXContainerItemProxy */;
		};
/* End PBXTargetDependency section */

/* Begin XCBuildConfiguration section */
		FBB114FF17EF2A8300E913BA /* Debug */ = {
			isa = XCBuildConfiguration;
			buildSettings = {
				ALWAYS_SEARCH_USER_PATHS = NO;
				CLANG_CXX_LANGUAGE_STANDARD = "gnu++0x";
				CLANG_CXX_LIBRARY = "libc++";
				CLANG_WARN_CONSTANT_CONVERSION = YES;
				CLANG_WARN_EMPTY_BODY = YES;
				CLANG_WARN_ENUM_CONVERSION = YES;
				CLANG_WARN_INT_CONVERSION = YES;
				CLANG_WARN__DUPLICATE_METHOD_MATCH = YES;
				COPY_PHASE_STRIP = NO;
				GCC_C_LANGUAGE_STANDARD = gnu99;
				GCC_DYNAMIC_NO_PIC = NO;
				GCC_OPTIMIZATION_LEVEL = 0;
				GCC_PREPROCESSOR_DEFINITIONS = (
					"DEBUG=1",
					"$(inherited)",
				);
				GCC_SYMBOLS_PRIVATE_EXTERN = NO;
				GCC_WARN_ABOUT_RETURN_TYPE = YES;
				GCC_WARN_UNINITIALIZED_AUTOS = YES;
				GCC_WARN_UNUSED_VARIABLE = YES;
				IPHONEOS_DEPLOYMENT_TARGET = 6.1;
				ONLY_ACTIVE_ARCH = YES;
				SDKROOT = iphoneos;
			};
			name = Debug;
		};
		FBB1150017EF2A8300E913BA /* Release */ = {
			isa = XCBuildConfiguration;
			buildSettings = {
				ALWAYS_SEARCH_USER_PATHS = NO;
				CLANG_CXX_LANGUAGE_STANDARD = "gnu++0x";
				CLANG_CXX_LIBRARY = "libc++";
				CLANG_WARN_CONSTANT_CONVERSION = YES;
				CLANG_WARN_EMPTY_BODY = YES;
				CLANG_WARN_ENUM_CONVERSION = YES;
				CLANG_WARN_INT_CONVERSION = YES;
				CLANG_WARN__DUPLICATE_METHOD_MATCH = YES;
				COPY_PHASE_STRIP = YES;
				GCC_C_LANGUAGE_STANDARD = gnu99;
				GCC_WARN_ABOUT_RETURN_TYPE = YES;
				GCC_WARN_UNINITIALIZED_AUTOS = YES;
				GCC_WARN_UNUSED_VARIABLE = YES;
				IPHONEOS_DEPLOYMENT_TARGET = 6.1;
				SDKROOT = iphoneos;
				VALIDATE_PRODUCT = YES;
			};
			name = Release;
		};
		FBB1150217EF2A8300E913BA /* Debug */ = {
			isa = XCBuildConfiguration;
			buildSettings = {
				ALWAYS_SEARCH_USER_PATHS = YES;
				ARCHS = "$(ARCHS_STANDARD)";
				CLANG_CXX_LANGUAGE_STANDARD = "gnu++98";
				DSTROOT = /tmp/libw.dst;
				GCC_PRECOMPILE_PREFIX_HEADER = YES;
				GCC_PREFIX_HEADER = "libw/libw-Prefix.pch";
				HEADER_SEARCH_PATHS = (
					../../include,
					"../../../libsigcpp/libsigc++-2.2.10/**",
					../../../libpng/src,
					"../../../eigen/eigen-3.2",
				);
				IPHONEOS_DEPLOYMENT_TARGET = 7.0;
				ONLY_ACTIVE_ARCH = NO;
				OTHER_LDFLAGS = "-ObjC";
				PRODUCT_NAME = "$(TARGET_NAME)";
				SKIP_INSTALL = YES;
				VALID_ARCHS = "armv7 arm64 armv7s";
			};
			name = Debug;
		};
		FBB1150317EF2A8300E913BA /* Release */ = {
			isa = XCBuildConfiguration;
			buildSettings = {
				ALWAYS_SEARCH_USER_PATHS = YES;
				ARCHS = "$(ARCHS_STANDARD)";
				CLANG_CXX_LANGUAGE_STANDARD = "gnu++98";
				DSTROOT = /tmp/libw.dst;
				GCC_PRECOMPILE_PREFIX_HEADER = YES;
				GCC_PREFIX_HEADER = "libw/libw-Prefix.pch";
				HEADER_SEARCH_PATHS = (
					../../include,
					"../../../libsigcpp/libsigc++-2.2.10/**",
					../../../libpng/src,
					"../../../eigen/eigen-3.2",
				);
				IPHONEOS_DEPLOYMENT_TARGET = 7.0;
				ONLY_ACTIVE_ARCH = NO;
				OTHER_LDFLAGS = "-ObjC";
				PRODUCT_NAME = "$(TARGET_NAME)";
				SKIP_INSTALL = YES;
				VALID_ARCHS = "armv7 arm64 armv7s";
			};
			name = Release;
		};
/* End XCBuildConfiguration section */

/* Begin XCConfigurationList section */
		FBB114EE17EF2A8300E913BA /* Build configuration list for PBXProject "libw" */ = {
			isa = XCConfigurationList;
			buildConfigurations = (
				FBB114FF17EF2A8300E913BA /* Debug */,
				FBB1150017EF2A8300E913BA /* Release */,
			);
			defaultConfigurationIsVisible = 0;
			defaultConfigurationName = Release;
		};
		FBB1150117EF2A8300E913BA /* Build configuration list for PBXNativeTarget "w" */ = {
			isa = XCConfigurationList;
			buildConfigurations = (
				FBB1150217EF2A8300E913BA /* Debug */,
				FBB1150317EF2A8300E913BA /* Release */,
			);
			defaultConfigurationIsVisible = 0;
			defaultConfigurationName = Release;
		};
/* End XCConfigurationList section */
	};
	rootObject = FBB114EB17EF2A8300E913BA /* Project object */;
}
