// !$*UTF8*$!
{
	archiveVersion = 1;
	classes = {
	};
	objectVersion = 46;
	objects = {

/* Begin PBXFileReference section */
		FB79B6251826648100B1758B /* .DS_Store */ = {isa = PBXFileReference; lastKnownFileType = file; path = .DS_Store; sourceTree = "<group>"; };
		FB79B6261826648100B1758B /* audio */ = {isa = PBXFileReference; lastKnownFileType = folder; path = audio; sourceTree = "<group>"; };
		FB79B6271826648100B1758B /* base */ = {isa = PBXFileReference; lastKnownFileType = folder; path = base; sourceTree = "<group>"; };
		FB79B6281826648100B1758B /* graphics */ = {isa = PBXFileReference; lastKnownFileType = folder; path = graphics; sourceTree = "<group>"; };
		FB79B6291826648100B1758B /* Makefile.am */ = {isa = PBXFileReference; lastKnownFileType = text; path = Makefile.am; sourceTree = "<group>"; };
		FB79B62A1826648100B1758B /* scene */ = {isa = PBXFileReference; lastKnownFileType = folder; path = scene; sourceTree = "<group>"; };
		FB79B62B1826648100B1758B /* storage */ = {isa = PBXFileReference; lastKnownFileType = folder; path = storage; sourceTree = "<group>"; };
/* End PBXFileReference section */

/* Begin PBXGroup section */
		FB79B61F1826648100B1758B = {
			isa = PBXGroup;
			children = (
				FB79B6251826648100B1758B /* .DS_Store */,
				FB79B6261826648100B1758B /* audio */,
				FB79B6271826648100B1758B /* base */,
				FB79B6281826648100B1758B /* graphics */,
				FB79B6291826648100B1758B /* Makefile.am */,
				FB79B62A1826648100B1758B /* scene */,
				FB79B62B1826648100B1758B /* storage */,
			);
			sourceTree = "<group>";
		};
/* End PBXGroup section */

/* Begin PBXLegacyTarget section */
		FB79B6241826648100B1758B /* src */ = {
			isa = PBXLegacyTarget;
			buildArgumentsString = "$(ACTION)";
			buildConfigurationList = FB79B62C1826648100B1758B /* Build configuration list for PBXLegacyTarget "src" */;
			buildPhases = (
			);
			buildToolPath = /usr/bin/make;
			buildWorkingDirectory = "/Users/anttipe/sorsa/world-meta/libw/src";
			dependencies = (
			);
			name = src;
			passBuildSettingsInEnvironment = 1;
			productName = src;
		};
/* End PBXLegacyTarget section */

/* Begin PBXProject section */
		FB79B6201826648100B1758B /* Project object */ = {
			isa = PBXProject;
			attributes = {
			};
			buildConfigurationList = FB79B6231826648100B1758B /* Build configuration list for PBXProject "src" */;
			compatibilityVersion = "Xcode 3.2";
			developmentRegion = English;
			hasScannedForEncodings = 0;
			knownRegions = (
				en,
			);
			mainGroup = FB79B61F1826648100B1758B;
			projectDirPath = "";
			projectRoot = "";
			targets = (
				FB79B6241826648100B1758B /* src */,
			);
		};
/* End PBXProject section */

/* Begin XCBuildConfiguration section */
		FB79B6211826648100B1758B /* Debug */ = {
			isa = XCBuildConfiguration;
			buildSettings = {
				ARCHS = "$(ARCHS_STANDARD_32_BIT)";
				COPY_PHASE_STRIP = NO;
				GCC_WARN_ABOUT_RETURN_TYPE = YES;
				GCC_WARN_UNUSED_VARIABLE = YES;
				ONLY_ACTIVE_ARCH = YES;
				SDKROOT = macosx10.6;
			};
			name = Debug;
		};
		FB79B6221826648100B1758B /* Release */ = {
			isa = XCBuildConfiguration;
			buildSettings = {
				ARCHS = "$(ARCHS_STANDARD_32_BIT)";
				COPY_PHASE_STRIP = YES;
				GCC_WARN_ABOUT_RETURN_TYPE = YES;
				GCC_WARN_UNUSED_VARIABLE = YES;
				SDKROOT = macosx10.6;
			};
			name = Release;
		};
		FB79B62D1826648100B1758B /* Debug */ = {
			isa = XCBuildConfiguration;
			buildSettings = {
				COPY_PHASE_STRIP = NO;
				DEBUGGING_SYMBOLS = YES;
				GCC_DYNAMIC_NO_PIC = NO;
				GCC_ENABLE_FIX_AND_CONTINUE = YES;
				GCC_GENERATE_DEBUGGING_SYMBOLS = YES;
				GCC_OPTIMIZATION_LEVEL = 0;
				OTHER_CFLAGS = "";
				OTHER_LDFLAGS = "";
				PRODUCT_NAME = src;
			};
			name = Debug;
		};
		FB79B62E1826648100B1758B /* Release */ = {
			isa = XCBuildConfiguration;
			buildSettings = {
				COPY_PHASE_STRIP = YES;
				DEBUG_INFORMATION_FORMAT = "dwarf-with-dsym";
				GCC_ENABLE_FIX_AND_CONTINUE = NO;
				OTHER_CFLAGS = "";
				OTHER_LDFLAGS = "";
				PRODUCT_NAME = src;
			};
			name = Release;
		};
/* End XCBuildConfiguration section */

/* Begin XCConfigurationList section */
		FB79B6231826648100B1758B /* Build configuration list for PBXProject "src" */ = {
			isa = XCConfigurationList;
			buildConfigurations = (
				FB79B6211826648100B1758B /* Debug */,
				FB79B6221826648100B1758B /* Release */,
			);
			defaultConfigurationIsVisible = 0;
			defaultConfigurationName = Release;
		};
		FB79B62C1826648100B1758B /* Build configuration list for PBXLegacyTarget "src" */ = {
			isa = XCConfigurationList;
			buildConfigurations = (
				FB79B62D1826648100B1758B /* Debug */,
				FB79B62E1826648100B1758B /* Release */,
			);
			defaultConfigurationIsVisible = 0;
			defaultConfigurationName = Release;
		};
/* End XCConfigurationList section */
	};
	rootObject = FB79B6201826648100B1758B /* Project object */;
}
